
Microsoft Visual Studio Solution File, Format Version 12.00
# Visual Studio 15
Project("{FAE04EC0-301F-11D3-BF4B-00C04F79EFBC}") = "Unity.Timeline", "Unity.Timeline.csproj", "{B323CB14-85AE-80F5-8FDF-9329C3D96EBE}"
EndProject
Project("{FAE04EC0-301F-11D3-BF4B-00C04F79EFBC}") = "Unity.Multiplayer.Tools.NetStats", "Unity.Multiplayer.Tools.NetStats.csproj", "{7791F32B-BF27-94EE-CAE2-787CE398F4B0}"
EndProject
Project("{FAE04EC0-301F-11D3-BF4B-00C04F79EFBC}") = "Unity.RenderPipelines.GPUDriven.Runtime", "Unity.RenderPipelines.GPUDriven.Runtime.csproj", "{CE8CFCAD-939F-0E53-8C1C-34731FE4DECF}"
EndProject
Project("{FAE04EC0-301F-11D3-BF4B-00C04F79EFBC}") = "Unity.Services.Authentication.PlayerAccounts", "Unity.Services.Authentication.PlayerAccounts.csproj", "{8D71B848-B710-0C94-FF89-8DABF6AD9452}"
EndProject
Project("{FAE04EC0-301F-11D3-BF4B-00C04F79EFBC}") = "Unity.Services.Core.Internal", "Unity.Services.Core.Internal.csproj", "{E4FCFE57-7C75-3AD6-7B92-21B6DA83BAFD}"
EndProject
Project("{FAE04EC0-301F-11D3-BF4B-00C04F79EFBC}") = "Unity.Multiplayer.Tools.NetStatsMonitor.Configuration", "Unity.Multiplayer.Tools.NetStatsMonitor.Configuration.csproj", "{C26F313D-09DF-D0BD-1F8D-E977B0759A7D}"
EndProject
Project("{FAE04EC0-301F-11D3-BF4B-00C04F79EFBC}") = "Unity.ShaderGraph.Editor", "Unity.ShaderGraph.Editor.csproj", "{EDD08C35-CF2D-BDD2-E7B8-A29B380C9AB9}"
EndProject
Project("{FAE04EC0-301F-11D3-BF4B-00C04F79EFBC}") = "Unity.PlasticSCM.Editor", "Unity.PlasticSCM.Editor.csproj", "{25D74DD4-2597-F828-F581-A80AF606F8C7}"
EndProject
Project("{FAE04EC0-301F-11D3-BF4B-00C04F79EFBC}") = "Unity.RenderPipelines.Core.Runtime", "Unity.RenderPipelines.Core.Runtime.csproj", "{D8A27101-4788-A025-41AF-C595BE46C353}"
EndProject
Project("{FAE04EC0-301F-11D3-BF4B-00C04F79EFBC}") = "Unity.Mathematics", "Unity.Mathematics.csproj", "{94A12DD5-A8F3-8635-ADCD-63FB9AE48E0A}"
EndProject
Project("{FAE04EC0-301F-11D3-BF4B-00C04F79EFBC}") = "Unity.Timeline.Editor", "Unity.Timeline.Editor.csproj", "{2765122B-6B2C-BD26-4ED4-123D27273193}"
EndProject
Project("{FAE04EC0-301F-11D3-BF4B-00C04F79EFBC}") = "Unity.Cinemachine.Editor", "Unity.Cinemachine.Editor.csproj", "{5E1682CD-68D4-4E95-3F74-33B640848D2C}"
EndProject
Project("{FAE04EC0-301F-11D3-BF4B-00C04F79EFBC}") = "Unity.Multiplayer.Center.Editor", "Unity.Multiplayer.Center.Editor.csproj", "{7010508E-1F40-011F-4F7B-4618689E5273}"
EndProject
Project("{FAE04EC0-301F-11D3-BF4B-00C04F79EFBC}") = "Unity.Collections", "Unity.Collections.csproj", "{68F3A62E-59B0-7D56-C330-D6A3429A175B}"
EndProject
Project("{FAE04EC0-301F-11D3-BF4B-00C04F79EFBC}") = "UnityEngine.UI", "UnityEngine.UI.csproj", "{E03D1925-28C8-F247-979F-E6E02B68850F}"
EndProject
Project("{FAE04EC0-301F-11D3-BF4B-00C04F79EFBC}") = "Unity.RenderPipelines.Core.Editor", "Unity.RenderPipelines.Core.Editor.csproj", "{E9502B28-6150-DF98-AAC2-8120BA6BB769}"
EndProject
Project("{FAE04EC0-301F-11D3-BF4B-00C04F79EFBC}") = "Unity.Multiplayer.Tools.NetStatsMonitor.Editor", "Unity.Multiplayer.Tools.NetStatsMonitor.Editor.csproj", "{6E58F59D-3691-AF3D-8825-FD5ED1A4A8A8}"
EndProject
Project("{FAE04EC0-301F-11D3-BF4B-00C04F79EFBC}") = "Unity.Services.Relay", "Unity.Services.Relay.csproj", "{AAF7ECDF-5607-7EE9-97FB-407CDB42A7FC}"
EndProject
Project("{FAE04EC0-301F-11D3-BF4B-00C04F79EFBC}") = "Unity.RenderPipelines.Universal.2D.Runtime", "Unity.RenderPipelines.Universal.2D.Runtime.csproj", "{D4D69547-01F6-61C7-DA81-AD197925A3FE}"
EndProject
Project("{FAE04EC0-301F-11D3-BF4B-00C04F79EFBC}") = "Unity.VisualScripting.Core.Editor", "Unity.VisualScripting.Core.Editor.csproj", "{4ABACE7B-086E-CA57-048B-C991E6B51DBD}"
EndProject
Project("{FAE04EC0-301F-11D3-BF4B-00C04F79EFBC}") = "Unity.RenderPipelines.Universal.Editor", "Unity.RenderPipelines.Universal.Editor.csproj", "{22843C7A-9612-9EF5-2097-2731F123C050}"
EndProject
Project("{FAE04EC0-301F-11D3-BF4B-00C04F79EFBC}") = "Unity.PerformanceTesting.Editor", "Unity.PerformanceTesting.Editor.csproj", "{CD855EA9-77A0-76B6-14F3-1E5FC614236B}"
EndProject
Project("{FAE04EC0-301F-11D3-BF4B-00C04F79EFBC}") = "UnityEngine.TestRunner", "UnityEngine.TestRunner.csproj", "{DF08E26F-F727-6D7D-E4B0-D6FC1EA1A713}"
EndProject
Project("{FAE04EC0-301F-11D3-BF4B-00C04F79EFBC}") = "Unity.Burst", "Unity.Burst.csproj", "{CBC15CD3-CC51-AB50-8F08-BD1B27310FB7}"
EndProject
Project("{FAE04EC0-301F-11D3-BF4B-00C04F79EFBC}") = "Unity.Services.Core.Environments.Editor", "Unity.Services.Core.Environments.Editor.csproj", "{FB34AF41-8B82-480E-437C-53CB37EBA176}"
EndProject
Project("{FAE04EC0-301F-11D3-BF4B-00C04F79EFBC}") = "Unity.Multiplayer.Tools.NetworkProfiler.Editor", "Unity.Multiplayer.Tools.NetworkProfiler.Editor.csproj", "{62463F78-FDC2-5E2B-999E-4876CA06E4DA}"
EndProject
Project("{FAE04EC0-301F-11D3-BF4B-00C04F79EFBC}") = "Unity.Tutorials.Core.Editor", "Unity.Tutorials.Core.Editor.csproj", "{8DF71E06-4999-2059-A08E-CBC6597A715B}"
EndProject
Project("{FAE04EC0-301F-11D3-BF4B-00C04F79EFBC}") = "PhotonRealtime", "PhotonRealtime.csproj", "{39A15A9E-0A64-70EA-9A45-74069C464461}"
EndProject
Project("{FAE04EC0-301F-11D3-BF4B-00C04F79EFBC}") = "Unity.VisualScripting.Flow.Editor", "Unity.VisualScripting.Flow.Editor.csproj", "{9C745FDE-6C6E-824C-1977-8439F2036164}"
EndProject
Project("{FAE04EC0-301F-11D3-BF4B-00C04F79EFBC}") = "Unity.Netcode.Runtime", "Unity.Netcode.Runtime.csproj", "{B79707D7-1A2E-0531-6743-9628E28FEDF7}"
EndProject
Project("{FAE04EC0-301F-11D3-BF4B-00C04F79EFBC}") = "Assembly-CSharp", "Assembly-CSharp.csproj", "{D46A65ED-87AD-D2D3-0493-4CF8807E7B5A}"
EndProject
Project("{FAE04EC0-301F-11D3-BF4B-00C04F79EFBC}") = "Unity.VisualStudio.Editor", "Unity.VisualStudio.Editor.csproj", "{4E70F8D1-9717-C9AD-16E8-24AA7B6BC6DC}"
EndProject
Project("{FAE04EC0-301F-11D3-BF4B-00C04F79EFBC}") = "Unity.Services.Authentication", "Unity.Services.Authentication.csproj", "{A596F7B0-2871-6131-1BE4-9491D7674188}"
EndProject
Project("{FAE04EC0-301F-11D3-BF4B-00C04F79EFBC}") = "Unity.InputSystem", "Unity.InputSystem.csproj", "{666920EC-C43D-E09D-EFCA-A5DC3421FE31}"
EndProject
Project("{FAE04EC0-301F-11D3-BF4B-00C04F79EFBC}") = "PPv2URPConverters", "PPv2URPConverters.csproj", "{F1A406B7-8B2A-C6E4-4974-39550A79E2C1}"
EndProject
Project("{FAE04EC0-301F-11D3-BF4B-00C04F79EFBC}") = "Unity.Services.QoS", "Unity.Services.QoS.csproj", "{284B4C4E-4243-5457-48CD-B1362CC31836}"
EndProject
Project("{FAE04EC0-301F-11D3-BF4B-00C04F79EFBC}") = "Unity.Services.Authentication.Editor", "Unity.Services.Authentication.Editor.csproj", "{5138777F-3F61-0CEE-A99D-3020E5DEE03D}"
EndProject
Project("{FAE04EC0-301F-11D3-BF4B-00C04F79EFBC}") = "PhotonUnityNetworking.Editor", "PhotonUnityNetworking.Editor.csproj", "{343B5EE1-2492-3F9A-35C2-9685D6F307E5}"
EndProject
Project("{FAE04EC0-301F-11D3-BF4B-00C04F79EFBC}") = "Unity.Searcher.Editor", "Unity.Searcher.Editor.csproj", "{E3AF9F2A-9483-2AB5-9F02-503862801DF9}"
EndProject
Project("{FAE04EC0-301F-11D3-BF4B-00C04F79EFBC}") = "Unity.Multiplayer.Tools.MetricTypes", "Unity.Multiplayer.Tools.MetricTypes.csproj", "{7A99B689-874C-F0EF-2186-CAA54E3CC8BF}"
EndProject
Project("{FAE04EC0-301F-11D3-BF4B-00C04F79EFBC}") = "Unity.Multiplayer.Tools.Adapters", "Unity.Multiplayer.Tools.Adapters.csproj", "{C24A0FF5-38BC-8BBE-2936-701B41734392}"
EndProject
Project("{FAE04EC0-301F-11D3-BF4B-00C04F79EFBC}") = "UnityEditor.TestRunner", "UnityEditor.TestRunner.csproj", "{D6452AE6-2B5D-50E6-4137-B159F5083FA5}"
EndProject
Project("{FAE04EC0-301F-11D3-BF4B-00C04F79EFBC}") = "Unity.VisualScripting.Core", "Unity.VisualScripting.Core.csproj", "{8584219C-258F-E4EA-D5CB-381D4785E31D}"
EndProject
Project("{FAE04EC0-301F-11D3-BF4B-00C04F79EFBC}") = "Unity.RenderPipelines.Universal.Runtime", "Unity.RenderPipelines.Universal.Runtime.csproj", "{28B0F973-3BCC-36D4-BBD4-100F25A692AF}"
EndProject
Project("{FAE04EC0-301F-11D3-BF4B-00C04F79EFBC}") = "Unity.AI.Navigation.Editor.ConversionSystem", "Unity.AI.Navigation.Editor.ConversionSystem.csproj", "{F8CE5301-D81A-73A2-356E-CDE4B3737FCA}"
EndProject
Project("{FAE04EC0-301F-11D3-BF4B-00C04F79EFBC}") = "Unity.VisualScripting.State.Editor", "Unity.VisualScripting.State.Editor.csproj", "{D1057EA1-86B2-3649-F991-E86FBF6EE5AD}"
EndProject
Project("{FAE04EC0-301F-11D3-BF4B-00C04F79EFBC}") = "Unity.Services.Core.Editor", "Unity.Services.Core.Editor.csproj", "{5D727D8C-4472-AD91-06A2-0FD588EBA6D9}"
EndProject
Project("{FAE04EC0-301F-11D3-BF4B-00C04F79EFBC}") = "Unity.TestTools.CodeCoverage.Editor", "Unity.TestTools.CodeCoverage.Editor.csproj", "{A7C64848-557D-7E00-6960-F66E35578326}"
EndProject
Project("{FAE04EC0-301F-11D3-BF4B-00C04F79EFBC}") = "Unity.Burst.CodeGen", "Unity.Burst.CodeGen.csproj", "{FF89523F-EE17-D72F-02AC-740828979C02}"
EndProject
Project("{FAE04EC0-301F-11D3-BF4B-00C04F79EFBC}") = "Unity.Cinemachine", "Unity.Cinemachine.csproj", "{571479DF-5701-AB5A-B562-6A85D8AF2E1C}"
EndProject
Project("{FAE04EC0-301F-11D3-BF4B-00C04F79EFBC}") = "PhotonUnityNetworking", "PhotonUnityNetworking.csproj", "{6232B707-6E87-C5CE-F5EF-2587CED96B7A}"
EndProject
Project("{FAE04EC0-301F-11D3-BF4B-00C04F79EFBC}") = "Unity.Services.Core", "Unity.Services.Core.csproj", "{568FF1BE-B646-63F8-E8A5-EB20F9E3B374}"
EndProject
Project("{FAE04EC0-301F-11D3-BF4B-00C04F79EFBC}") = "Unity.Multiplayer.Tools.Common", "Unity.Multiplayer.Tools.Common.csproj", "{63ED972C-1CA9-1202-C2F0-80EDB6902B97}"
EndProject
Project("{FAE04EC0-301F-11D3-BF4B-00C04F79EFBC}") = "Unity.VisualScripting.Flow", "Unity.VisualScripting.Flow.csproj", "{DECB8CF8-7379-1F44-1F74-3039C43F4159}"
EndProject
Project("{FAE04EC0-301F-11D3-BF4B-00C04F79EFBC}") = "Unity.Splines.Editor", "Unity.Splines.Editor.csproj", "{7AC40920-85BF-9524-80F2-40163E4DD49A}"
EndProject
Project("{FAE04EC0-301F-11D3-BF4B-00C04F79EFBC}") = "Unity.Splines", "Unity.Splines.csproj", "{7FD03802-799B-F8F7-CC2D-A26D4352E0BC}"
EndProject
Project("{FAE04EC0-301F-11D3-BF4B-00C04F79EFBC}") = "Unity.PerformanceTesting", "Unity.PerformanceTesting.csproj", "{38D0E501-B200-4C4B-3770-76DD30714F6E}"
EndProject
Project("{FAE04EC0-301F-11D3-BF4B-00C04F79EFBC}") = "Unity.TestTools.CodeCoverage.Editor.OpenCover.Model", "Unity.TestTools.CodeCoverage.Editor.OpenCover.Model.csproj", "{6F4F4C72-A497-DB9E-C6B7-490B9DA4CB01}"
EndProject
Project("{FAE04EC0-301F-11D3-BF4B-00C04F79EFBC}") = "Unity.Multiplayer.Tools.NetStatsMonitor.Implementation", "Unity.Multiplayer.Tools.NetStatsMonitor.Implementation.csproj", "{E23B509C-56E1-5CC8-E24F-A1201EE0D2C3}"
EndProject
Project("{FAE04EC0-301F-11D3-BF4B-00C04F79EFBC}") = "Unity.TextMeshPro", "Unity.TextMeshPro.csproj", "{934FD185-29B5-68F0-CA89-AC7FCDF4F923}"
EndProject
Project("{FAE04EC0-301F-11D3-BF4B-00C04F79EFBC}") = "Unity.Multiplayer.Samples.Utilities", "Unity.Multiplayer.Samples.Utilities.csproj", "{614E8C2C-A888-46B0-758A-CF2A34CB552B}"
EndProject
Project("{FAE04EC0-301F-11D3-BF4B-00C04F79EFBC}") = "Unity.TextMeshPro.Editor", "Unity.TextMeshPro.Editor.csproj", "{2913BBE6-30A7-5AA7-3DC6-4AEB2411E12F}"
EndProject
Project("{FAE04EC0-301F-11D3-BF4B-00C04F79EFBC}") = "Unity.Rendering.LightTransport.Runtime", "Unity.Rendering.LightTransport.Runtime.csproj", "{31DACEFB-68DC-FCC3-3EED-900E7CD86201}"
EndProject
Project("{FAE04EC0-301F-11D3-BF4B-00C04F79EFBC}") = "Unity.Multiplayer.Tools.NetStatsMonitor.Component", "Unity.Multiplayer.Tools.NetStatsMonitor.Component.csproj", "{8359872B-9CC0-C81D-E5B4-370E05F138B9}"
EndProject
Project("{FAE04EC0-301F-11D3-BF4B-00C04F79EFBC}") = "PhotonUnityNetworking.Demos", "PhotonUnityNetworking.Demos.csproj", "{EB37350C-144F-5327-3B23-01128A1AC483}"
EndProject
Project("{FAE04EC0-301F-11D3-BF4B-00C04F79EFBC}") = "Unity.Burst.Editor", "Unity.Burst.Editor.csproj", "{32AE660F-D592-8A61-6418-E21704EC5FE9}"
EndProject
Project("{FAE04EC0-301F-11D3-BF4B-00C04F79EFBC}") = "Unity.Multiplayer.Tools.Initialization", "Unity.Multiplayer.Tools.Initialization.csproj", "{7C343480-6076-F13A-9EB4-22F56E4AD656}"
EndProject
Project("{FAE04EC0-301F-11D3-BF4B-00C04F79EFBC}") = "Unity.TestTools.CodeCoverage.Editor.OpenCover.Mono.Reflection", "Unity.TestTools.CodeCoverage.Editor.OpenCover.Mono.Reflection.csproj", "{6920E43E-CAAE-9947-1F6B-2FEC343A66DD}"
EndProject
Project("{FAE04EC0-301F-11D3-BF4B-00C04F79EFBC}") = "Unity.Networking.Transport", "Unity.Networking.Transport.csproj", "{13ECC669-48C8-FADC-DDD3-2F08822723A7}"
EndProject
Project("{FAE04EC0-301F-11D3-BF4B-00C04F79EFBC}") = "Unity.Rider.Editor", "Unity.Rider.Editor.csproj", "{B5D21639-5C09-BC86-8712-7A95F09F5F34}"
EndProject
Project("{FAE04EC0-301F-11D3-BF4B-00C04F79EFBC}") = "Unity.VisualScripting.State", "Unity.VisualScripting.State.csproj", "{8FAAF626-AC18-AB91-0C76-0F169846A208}"
EndProject
Project("{FAE04EC0-301F-11D3-BF4B-00C04F79EFBC}") = "Unity.AI.Navigation.Updater", "Unity.AI.Navigation.Updater.csproj", "{7E988DBE-CD31-E85B-D559-0F4F85480775}"
EndProject
Project("{FAE04EC0-301F-11D3-BF4B-00C04F79EFBC}") = "Unity.Multiplayer.Tools.NetVis.Editor.UI", "Unity.Multiplayer.Tools.NetVis.Editor.UI.csproj", "{B053C63D-33C5-DCDE-F0B0-9167C4359C0D}"
EndProject
Project("{FAE04EC0-301F-11D3-BF4B-00C04F79EFBC}") = "Unity.Netcode.Components", "Unity.Netcode.Components.csproj", "{310DCDFD-EFFC-40C5-C43A-E8D3A5359BD7}"
EndProject
Project("{FAE04EC0-301F-11D3-BF4B-00C04F79EFBC}") = "Unity.Performance.Profile-Analyzer.Editor", "Unity.Performance.Profile-Analyzer.Editor.csproj", "{3F10B307-1C58-0487-638D-264C03BAB9ED}"
EndProject
Project("{FAE04EC0-301F-11D3-BF4B-00C04F79EFBC}") = "UnityEditor.UI", "UnityEditor.UI.csproj", "{3EEAE8E5-CA89-AFAF-CF79-96D26690499D}"
EndProject
Project("{FAE04EC0-301F-11D3-BF4B-00C04F79EFBC}") = "Unity.InternalAPIEngineBridge.007", "Unity.InternalAPIEngineBridge.007.csproj", "{EE355F12-E68B-A6AC-E3BF-B46B427113B1}"
EndProject
Project("{FAE04EC0-301F-11D3-BF4B-00C04F79EFBC}") = "Unity.Networking.Editor", "Unity.Networking.Editor.csproj", "{51B2A15B-54F0-939A-6CDA-723D3B6F2E19}"
EndProject
Project("{FAE04EC0-301F-11D3-BF4B-00C04F79EFBC}") = "Unity.Services.Authentication.PlayerAccounts.Editor", "Unity.Services.Authentication.PlayerAccounts.Editor.csproj", "{71A58779-624B-7F60-C5ED-9E3F2DF858A1}"
EndProject
Project("{FAE04EC0-301F-11D3-BF4B-00C04F79EFBC}") = "Unity.Multiplayer.Tools.MetricTestData", "Unity.Multiplayer.Tools.MetricTestData.csproj", "{1B426ACE-7743-1659-6A9A-877B86CDC158}"
EndProject
Project("{FAE04EC0-301F-11D3-BF4B-00C04F79EFBC}") = "Unity.AI.Navigation.Editor", "Unity.AI.Navigation.Editor.csproj", "{8878AAB9-E0DE-5F97-492D-47F58C39EC1E}"
EndProject
Project("{FAE04EC0-301F-11D3-BF4B-00C04F79EFBC}") = "Unity.Netcode.Editor.CodeGen", "Unity.Netcode.Editor.CodeGen.csproj", "{FE16985F-31FE-4E8D-8173-EF3E564BAFE3}"
EndProject
Project("{FAE04EC0-301F-11D3-BF4B-00C04F79EFBC}") = "PhotonUnityNetworking.Utilities", "PhotonUnityNetworking.Utilities.csproj", "{883DF4BA-6626-C790-6E61-0BB115363B9B}"
EndProject
Project("{FAE04EC0-301F-11D3-BF4B-00C04F79EFBC}") = "Unity.InternalAPIEditorBridge.007", "Unity.InternalAPIEditorBridge.007.csproj", "{F8BFA17E-73D7-BA2F-3BF4-5FA0BB64E390}"
EndProject
Project("{FAE04EC0-301F-11D3-BF4B-00C04F79EFBC}") = "Unity.Services.Core.Configuration.Editor", "Unity.Services.Core.Configuration.Editor.csproj", "{F75EEBDB-828D-00DA-BB29-25729D43E5CB}"
EndProject
Project("{FAE04EC0-301F-11D3-BF4B-00C04F79EFBC}") = "Unity.Multiplayer.Tools.NetworkSimulator.Runtime", "Unity.Multiplayer.Tools.NetworkSimulator.Runtime.csproj", "{CC0BA999-87F9-30D9-1C85-CCAA3CA61544}"
EndProject
Project("{FAE04EC0-301F-11D3-BF4B-00C04F79EFBC}") = "Unity.Services.Core.Configuration", "Unity.Services.Core.Configuration.csproj", "{16A2D51A-AD01-0786-FB0A-CCBE8217BCE7}"
EndProject
Project("{FAE04EC0-301F-11D3-BF4B-00C04F79EFBC}") = "Unity.Multiplayer.Tools.Adapters.Ngo1WithUtp2", "Unity.Multiplayer.Tools.Adapters.Ngo1WithUtp2.csproj", "{A5AA1E04-D1DB-3BBA-0B02-C310611020D5}"
EndProject
Project("{FAE04EC0-301F-11D3-BF4B-00C04F79EFBC}") = "Unity.Multiplayer.Center.Common", "Unity.Multiplayer.Center.Common.csproj", "{D6254971-CCDD-0248-2EF9-1C2BFD16FAE2}"
EndProject
Project("{FAE04EC0-301F-11D3-BF4B-00C04F79EFBC}") = "Unity.Multiplayer.Tools.DependencyInjection.UIElements", "Unity.Multiplayer.Tools.DependencyInjection.UIElements.csproj", "{1B718B57-B788-7D4E-C7D9-4151926E6506}"
EndProject
Project("{FAE04EC0-301F-11D3-BF4B-00C04F79EFBC}") = "Unity.Multiplayer.Tools.NetworkSimulator.Editor", "Unity.Multiplayer.Tools.NetworkSimulator.Editor.csproj", "{02812091-3B84-639D-F2F1-D407BA914D2A}"
EndProject
Project("{FAE04EC0-301F-11D3-BF4B-00C04F79EFBC}") = "Unity.Multiplayer.Tools.NetworkProfiler.Runtime", "Unity.Multiplayer.Tools.NetworkProfiler.Runtime.csproj", "{015B19DA-1163-B993-B5C5-10AF5A40337A}"
EndProject
Project("{FAE04EC0-301F-11D3-BF4B-00C04F79EFBC}") = "Unity.Services.Core.Environments.Internal", "Unity.Services.Core.Environments.Internal.csproj", "{0E61BE0F-D589-3E86-84E9-47609650E3EB}"
EndProject
Project("{FAE04EC0-301F-11D3-BF4B-00C04F79EFBC}") = "Unity.InputSystem.ForUI", "Unity.InputSystem.ForUI.csproj", "{DEFF7F01-4783-4909-2197-43D583796622}"
EndProject
Project("{FAE04EC0-301F-11D3-BF4B-00C04F79EFBC}") = "Unity.Services.Core.Scheduler", "Unity.Services.Core.Scheduler.csproj", "{CACB2B86-E2FA-58D9-55E6-A4277B6565B8}"
EndProject
Project("{FAE04EC0-301F-11D3-BF4B-00C04F79EFBC}") = "Unity.AI.Navigation", "Unity.AI.Navigation.csproj", "{71FBA031-38F5-20AA-484D-E4D61B58DD6F}"
EndProject
Project("{FAE04EC0-301F-11D3-BF4B-00C04F79EFBC}") = "Unity.Collections.CodeGen", "Unity.Collections.CodeGen.csproj", "{3424B554-0B03-A48C-4698-E915E212B5E4}"
EndProject
Project("{FAE04EC0-301F-11D3-BF4B-00C04F79EFBC}") = "Unity.Services.Core.Telemetry", "Unity.Services.Core.Telemetry.csproj", "{3A24CB11-8561-58B5-0109-9070464F0FF5}"
EndProject
Project("{FAE04EC0-301F-11D3-BF4B-00C04F79EFBC}") = "Unity.Mathematics.Editor", "Unity.Mathematics.Editor.csproj", "{CB7D0BD8-CCE6-E0AD-DB39-BA57F54B9A15}"
EndProject
Project("{FAE04EC0-301F-11D3-BF4B-00C04F79EFBC}") = "Unity.VisualScripting.SettingsProvider.Editor", "Unity.VisualScripting.SettingsProvider.Editor.csproj", "{2E173FC3-2085-0723-862B-F028A6CC0337}"
EndProject
Project("{FAE04EC0-301F-11D3-BF4B-00C04F79EFBC}") = "Unity.Tutorials.Core", "Unity.Tutorials.Core.csproj", "{059DD8CC-70BA-40C3-4BD4-B653E8B27841}"
EndProject
Project("{FAE04EC0-301F-11D3-BF4B-00C04F79EFBC}") = "Unity.Multiplayer.Tools.NetworkSolutionInterface", "Unity.Multiplayer.Tools.NetworkSolutionInterface.csproj", "{516E2208-2C96-D0CF-C6DE-345BAAB3990B}"
EndProject
Project("{FAE04EC0-301F-11D3-BF4B-00C04F79EFBC}") = "Unity.Services.Core.Threading", "Unity.Services.Core.Threading.csproj", "{8FCCD228-3E79-67ED-A34C-4C7A87A040CB}"
EndProject
Project("{FAE04EC0-301F-11D3-BF4B-00C04F79EFBC}") = "Unity.Multiplayer.Tools.NetVis.Configuration", "Unity.Multiplayer.Tools.NetVis.Configuration.csproj", "{31FDD213-6110-6B7C-4FD5-7C13B532F6BD}"
EndProject
Project("{FAE04EC0-301F-11D3-BF4B-00C04F79EFBC}") = "Unity.Multiplayer.Samples.Utilities.RNSM", "Unity.Multiplayer.Samples.Utilities.RNSM.csproj", "{CB89D3E6-DA8D-99DA-EDA1-5030BC6F1798}"
EndProject
Project("{FAE04EC0-301F-11D3-BF4B-00C04F79EFBC}") = "Unity.Settings.Editor", "Unity.Settings.Editor.csproj", "{7FA065F1-40D8-280B-C71D-235FD2EA2E45}"
EndProject
Project("{FAE04EC0-301F-11D3-BF4B-00C04F79EFBC}") = "Unity.InputSystem.TestFramework", "Unity.InputSystem.TestFramework.csproj", "{C125C3D5-3833-09A8-3AFD-1A7DD23FA9E5}"
EndProject
Project("{FAE04EC0-301F-11D3-BF4B-00C04F79EFBC}") = "Unity.Multiplayer.Tools.NetStats.CodeGen", "Unity.Multiplayer.Tools.NetStats.CodeGen.csproj", "{39E1E651-9630-A5F4-AEA4-C674B1ACD5B7}"
EndProject
Project("{FAE04EC0-301F-11D3-BF4B-00C04F79EFBC}") = "Unity.Multiplayer.Tools.DependencyInjection", "Unity.Multiplayer.Tools.DependencyInjection.csproj", "{EEE61708-D29B-F625-8580-3A07CC644613}"
EndProject
Project("{FAE04EC0-301F-11D3-BF4B-00C04F79EFBC}") = "Unity.ShaderGraph.Utilities", "Unity.ShaderGraph.Utilities.csproj", "{FD1FDAFC-AC32-5466-4915-F05163B7A5ED}"
EndProject
Project("{FAE04EC0-301F-11D3-BF4B-00C04F79EFBC}") = "PunDemos.DemoHubEditor", "PunDemos.DemoHubEditor.csproj", "{A372D8DA-8A04-5FAE-B901-BA30CF4313F6}"
EndProject
Project("{FAE04EC0-301F-11D3-BF4B-00C04F79EFBC}") = "Unity.VisualScripting.Shared.Editor", "Unity.VisualScripting.Shared.Editor.csproj", "{022E61C0-DD4A-15BA-A0E3-CD0B9588ACD6}"
EndProject
Project("{FAE04EC0-301F-11D3-BF4B-00C04F79EFBC}") = "com.unity.multiplayer.tools.window", "com.unity.multiplayer.tools.window.csproj", "{9D1DB37A-4A04-CE3A-6E77-CFE419184020}"
EndProject
Project("{FAE04EC0-301F-11D3-BF4B-00C04F79EFBC}") = "PunDemos.DemoSlotcarEditor", "PunDemos.DemoSlotcarEditor.csproj", "{3B2CEF23-6B8B-C603-0E1C-62CA3BF06367}"
EndProject
Project("{FAE04EC0-301F-11D3-BF4B-00C04F79EFBC}") = "Unity.Profiling.Core", "Unity.Profiling.Core.csproj", "{6486E0D7-F596-7E01-7ABC-C0DE31B7EECE}"
EndProject
Project("{FAE04EC0-301F-11D3-BF4B-00C04F79EFBC}") = "Unity.Services.Core.Device", "Unity.Services.Core.Device.csproj", "{851A9F27-5656-B117-6999-DA70726B4AB9}"
EndProject
Project("{FAE04EC0-301F-11D3-BF4B-00C04F79EFBC}") = "PhotonChat", "PhotonChat.csproj", "{86E1E9C5-1C18-2FE0-5162-E69F8AC7A757}"
EndProject
Project("{FAE04EC0-301F-11D3-BF4B-00C04F79EFBC}") = "Unity.Services.Core.Analytics", "Unity.Services.Core.Analytics.csproj", "{8709F6E4-034C-072D-C220-C0FFF80500C4}"
EndProject
Project("{FAE04EC0-301F-11D3-BF4B-00C04F79EFBC}") = "Unity.Multiplayer.Tools.MetricEvents", "Unity.Multiplayer.Tools.MetricEvents.csproj", "{E96DD060-7FDA-9567-D3A6-798E65588A1E}"
EndProject
Project("{FAE04EC0-301F-11D3-BF4B-00C04F79EFBC}") = "Unity.EditorCoroutines.Editor", "Unity.EditorCoroutines.Editor.csproj", "{0BE1941F-441D-317E-579B-DEE5BBB85F1D}"
EndProject
Project("{FAE04EC0-301F-11D3-BF4B-00C04F79EFBC}") = "Unity.Netcode.Editor", "Unity.Netcode.Editor.csproj", "{EBF86244-A92D-445D-FF7C-5E47961FE0ED}"
EndProject
Project("{FAE04EC0-301F-11D3-BF4B-00C04F79EFBC}") = "Unity.RenderPipeline.Universal.ShaderLibrary", "Unity.RenderPipeline.Universal.ShaderLibrary.csproj", "{471B9944-71DE-68D2-02BA-ECF46CB51A8D}"
EndProject
Project("{FAE04EC0-301F-11D3-BF4B-00C04F79EFBC}") = "PhotonUnityNetworking.Utilities.PhotonPlayer.Editor", "PhotonUnityNetworking.Utilities.PhotonPlayer.Editor.csproj", "{493C9217-C684-C9AF-340C-CD27F7359B07}"
EndProject
Project("{FAE04EC0-301F-11D3-BF4B-00C04F79EFBC}") = "Unity.Services.Authentication.Editor.Shared", "Unity.Services.Authentication.Editor.Shared.csproj", "{6B4401D8-6746-0463-35B6-CEDCDF685D8D}"
EndProject
Project("{FAE04EC0-301F-11D3-BF4B-00C04F79EFBC}") = "Unity.Multiplayer.Samples.Utilities.ClientAuthority", "Unity.Multiplayer.Samples.Utilities.ClientAuthority.csproj", "{BD230837-0138-56D5-8E9C-0D8D1D1404A0}"
EndProject
Project("{FAE04EC0-301F-11D3-BF4B-00C04F79EFBC}") = "Unity.Services.Core.Registration", "Unity.Services.Core.Registration.csproj", "{49886336-C4FA-A736-22B8-4755CE7A1FDC}"
EndProject
Project("{FAE04EC0-301F-11D3-BF4B-00C04F79EFBC}") = "Unity.Multiplayer.Tools.Editor", "Unity.Multiplayer.Tools.Editor.csproj", "{648E8405-CC33-F48A-60A9-DD1202DC1D77}"
EndProject
Project("{FAE04EC0-301F-11D3-BF4B-00C04F79EFBC}") = "Unity.Multiplayer.Tools.NetVis.Editor.Visualization", "Unity.Multiplayer.Tools.NetVis.Editor.Visualization.csproj", "{96DD1168-2E83-48D7-AE45-9914C0B72BF5}"
EndProject
Project("{FAE04EC0-301F-11D3-BF4B-00C04F79EFBC}") = "Unity.CollabProxy.Editor", "Unity.CollabProxy.Editor.csproj", "{F5A64DEA-6149-E1A8-D26C-D3B2ACE707F8}"
EndProject
Project("{FAE04EC0-301F-11D3-BF4B-00C04F79EFBC}") = "Unity.Rendering.LightTransport.Editor", "Unity.Rendering.LightTransport.Editor.csproj", "{51BBD53C-8B80-4F45-8450-E33E13A88575}"
EndProject
Project("{FAE04EC0-301F-11D3-BF4B-00C04F79EFBC}") = "Unity.Netcode.Editor.PackageChecker", "Unity.Netcode.Editor.PackageChecker.csproj", "{2B248FB7-AA8F-2EAC-CA39-177D502F2ECD}"
EndProject
Project("{FAE04EC0-301F-11D3-BF4B-00C04F79EFBC}") = "Unity.RenderPipelines.Universal.Shaders", "Unity.RenderPipelines.Universal.Shaders.csproj", "{F3EA0D33-2354-F34C-753A-0A623C75ACF2}"
EndProject
Project("{FAE04EC0-301F-11D3-BF4B-00C04F79EFBC}") = "Unity.RenderPipelines.Core.Runtime.Shared", "Unity.RenderPipelines.Core.Runtime.Shared.csproj", "{E04DE364-C0E3-C6C5-23ED-A93D94815F49}"
EndProject
Project("{FAE04EC0-301F-11D3-BF4B-00C04F79EFBC}") = "Unity.Multiplayer.Tools.Adapters.Ngo1", "Unity.Multiplayer.Tools.Adapters.Ngo1.csproj", "{B173372E-8D39-D6B3-A1F3-B692BE319682}"
EndProject
Project("{FAE04EC0-301F-11D3-BF4B-00C04F79EFBC}") = "Unity.Multiplayer.Tools.NetStatsReporting", "Unity.Multiplayer.Tools.NetStatsReporting.csproj", "{CB6F5E3D-5B08-75B0-C35E-0FEE40819462}"
EndProject
Project("{FAE04EC0-301F-11D3-BF4B-00C04F79EFBC}") = "Unity.Services.Core.Networking", "Unity.Services.Core.Networking.csproj", "{D40AEA04-3F87-AB60-0CE8-48CC0486AED9}"
EndProject
Project("{FAE04EC0-301F-11D3-BF4B-00C04F79EFBC}") = "Unity.Multiplayer.Tools.Adapters.Utp2", "Unity.Multiplayer.Tools.Adapters.Utp2.csproj", "{8274A791-982D-F1E4-C532-C2E33CF65319}"
EndProject
Project("{FAE04EC0-301F-11D3-BF4B-00C04F79EFBC}") = "Unity.Services.Core.Environments", "Unity.Services.Core.Environments.csproj", "{26E953A8-3D08-1060-C33E-CA4753A7DFDC}"
EndProject
Project("{FAE04EC0-301F-11D3-BF4B-00C04F79EFBC}") = "Assembly-CSharp-Editor", "Assembly-CSharp-Editor.csproj", "{AA532808-B680-4FAB-E38D-965140EBBE8D}"
EndProject
Project("{FAE04EC0-301F-11D3-BF4B-00C04F79EFBC}") = "Unity.Collections.Editor", "Unity.Collections.Editor.csproj", "{3B948D6E-B82D-B1EB-8E87-BC55755406A7}"
EndProject
Project("{FAE04EC0-301F-11D3-BF4B-00C04F79EFBC}") = "PhotonUnityNetworking.Utilities.Culling.Editor", "PhotonUnityNetworking.Utilities.Culling.Editor.csproj", "{1E2C9C38-8615-103E-23F9-C28297A92865}"
EndProject
Project("{FAE04EC0-301F-11D3-BF4B-00C04F79EFBC}") = "Unity.RenderPipelines.Universal.Config.Runtime", "Unity.RenderPipelines.Universal.Config.Runtime.csproj", "{061EB930-B1BF-9A86-FDF2-1A4168A9F099}"
EndProject
Project("{FAE04EC0-301F-11D3-BF4B-00C04F79EFBC}") = "Unity.RenderPipelines.ShaderGraph.ShaderGraphLibrary", "Unity.RenderPipelines.ShaderGraph.ShaderGraphLibrary.csproj", "{E0E59A41-B7F3-1985-CA4D-A2A2ADB95237}"
EndProject
Project("{FAE04EC0-301F-11D3-BF4B-00C04F79EFBC}") = "Unity.RenderPipelines.Core.ShaderLibrary", "Unity.RenderPipelines.Core.ShaderLibrary.csproj", "{685F0A66-9363-D7F9-7FDA-C679655EB6C4}"
EndProject
Project("{FAE04EC0-301F-11D3-BF4B-00C04F79EFBC}") = "Unity.RenderPipelines.Core.Editor.Shared", "Unity.RenderPipelines.Core.Editor.Shared.csproj", "{7CD5054B-ED33-4866-F9F0-5EBDC12AF1E6}"
EndProject
Global
	GlobalSection(SolutionConfigurationPlatforms) = preSolution
		Debug|Any CPU = Debug|Any CPU
		Release|Any CPU = Release|Any CPU
	EndGlobalSection
	GlobalSection(ProjectConfigurationPlatforms) = postSolution
		{B323CB14-85AE-80F5-8FDF-9329C3D96EBE}.Debug|Any CPU.ActiveCfg = Debug|Any CPU
		{B323CB14-85AE-80F5-8FDF-9329C3D96EBE}.Debug|Any CPU.Build.0 = Debug|Any CPU
		{B323CB14-85AE-80F5-8FDF-9329C3D96EBE}.Release|Any CPU.ActiveCfg = Release|Any CPU
		{B323CB14-85AE-80F5-8FDF-9329C3D96EBE}.Release|Any CPU.Build.0 = Release|Any CPU
		{7791F32B-BF27-94EE-CAE2-787CE398F4B0}.Debug|Any CPU.ActiveCfg = Debug|Any CPU
		{7791F32B-BF27-94EE-CAE2-787CE398F4B0}.Debug|Any CPU.Build.0 = Debug|Any CPU
		{7791F32B-BF27-94EE-CAE2-787CE398F4B0}.Release|Any CPU.ActiveCfg = Release|Any CPU
		{7791F32B-BF27-94EE-CAE2-787CE398F4B0}.Release|Any CPU.Build.0 = Release|Any CPU
		{CE8CFCAD-939F-0E53-8C1C-34731FE4DECF}.Debug|Any CPU.ActiveCfg = Debug|Any CPU
		{CE8CFCAD-939F-0E53-8C1C-34731FE4DECF}.Debug|Any CPU.Build.0 = Debug|Any CPU
		{CE8CFCAD-939F-0E53-8C1C-34731FE4DECF}.Release|Any CPU.ActiveCfg = Release|Any CPU
		{CE8CFCAD-939F-0E53-8C1C-34731FE4DECF}.Release|Any CPU.Build.0 = Release|Any CPU
		{8D71B848-B710-0C94-FF89-8DABF6AD9452}.Debug|Any CPU.ActiveCfg = Debug|Any CPU
		{8D71B848-B710-0C94-FF89-8DABF6AD9452}.Debug|Any CPU.Build.0 = Debug|Any CPU
		{8D71B848-B710-0C94-FF89-8DABF6AD9452}.Release|Any CPU.ActiveCfg = Release|Any CPU
		{8D71B848-B710-0C94-FF89-8DABF6AD9452}.Release|Any CPU.Build.0 = Release|Any CPU
		{E4FCFE57-7C75-3AD6-7B92-21B6DA83BAFD}.Debug|Any CPU.ActiveCfg = Debug|Any CPU
		{E4FCFE57-7C75-3AD6-7B92-21B6DA83BAFD}.Debug|Any CPU.Build.0 = Debug|Any CPU
		{E4FCFE57-7C75-3AD6-7B92-21B6DA83BAFD}.Release|Any CPU.ActiveCfg = Release|Any CPU
		{E4FCFE57-7C75-3AD6-7B92-21B6DA83BAFD}.Release|Any CPU.Build.0 = Release|Any CPU
		{C26F313D-09DF-D0BD-1F8D-E977B0759A7D}.Debug|Any CPU.ActiveCfg = Debug|Any CPU
		{C26F313D-09DF-D0BD-1F8D-E977B0759A7D}.Debug|Any CPU.Build.0 = Debug|Any CPU
		{C26F313D-09DF-D0BD-1F8D-E977B0759A7D}.Release|Any CPU.ActiveCfg = Release|Any CPU
		{C26F313D-09DF-D0BD-1F8D-E977B0759A7D}.Release|Any CPU.Build.0 = Release|Any CPU
		{EDD08C35-CF2D-BDD2-E7B8-A29B380C9AB9}.Debug|Any CPU.ActiveCfg = Debug|Any CPU
		{EDD08C35-CF2D-BDD2-E7B8-A29B380C9AB9}.Debug|Any CPU.Build.0 = Debug|Any CPU
		{EDD08C35-CF2D-BDD2-E7B8-A29B380C9AB9}.Release|Any CPU.ActiveCfg = Release|Any CPU
		{EDD08C35-CF2D-BDD2-E7B8-A29B380C9AB9}.Release|Any CPU.Build.0 = Release|Any CPU
		{25D74DD4-2597-F828-F581-A80AF606F8C7}.Debug|Any CPU.ActiveCfg = Debug|Any CPU
		{25D74DD4-2597-F828-F581-A80AF606F8C7}.Debug|Any CPU.Build.0 = Debug|Any CPU
		{25D74DD4-2597-F828-F581-A80AF606F8C7}.Release|Any CPU.ActiveCfg = Release|Any CPU
		{25D74DD4-2597-F828-F581-A80AF606F8C7}.Release|Any CPU.Build.0 = Release|Any CPU
		{D8A27101-4788-A025-41AF-C595BE46C353}.Debug|Any CPU.ActiveCfg = Debug|Any CPU
		{D8A27101-4788-A025-41AF-C595BE46C353}.Debug|Any CPU.Build.0 = Debug|Any CPU
		{D8A27101-4788-A025-41AF-C595BE46C353}.Release|Any CPU.ActiveCfg = Release|Any CPU
		{D8A27101-4788-A025-41AF-C595BE46C353}.Release|Any CPU.Build.0 = Release|Any CPU
		{94A12DD5-A8F3-8635-ADCD-63FB9AE48E0A}.Debug|Any CPU.ActiveCfg = Debug|Any CPU
		{94A12DD5-A8F3-8635-ADCD-63FB9AE48E0A}.Debug|Any CPU.Build.0 = Debug|Any CPU
		{94A12DD5-A8F3-8635-ADCD-63FB9AE48E0A}.Release|Any CPU.ActiveCfg = Release|Any CPU
		{94A12DD5-A8F3-8635-ADCD-63FB9AE48E0A}.Release|Any CPU.Build.0 = Release|Any CPU
		{2765122B-6B2C-BD26-4ED4-123D27273193}.Debug|Any CPU.ActiveCfg = Debug|Any CPU
		{2765122B-6B2C-BD26-4ED4-123D27273193}.Debug|Any CPU.Build.0 = Debug|Any CPU
		{2765122B-6B2C-BD26-4ED4-123D27273193}.Release|Any CPU.ActiveCfg = Release|Any CPU
		{2765122B-6B2C-BD26-4ED4-123D27273193}.Release|Any CPU.Build.0 = Release|Any CPU
		{5E1682CD-68D4-4E95-3F74-33B640848D2C}.Debug|Any CPU.ActiveCfg = Debug|Any CPU
		{5E1682CD-68D4-4E95-3F74-33B640848D2C}.Debug|Any CPU.Build.0 = Debug|Any CPU
		{5E1682CD-68D4-4E95-3F74-33B640848D2C}.Release|Any CPU.ActiveCfg = Release|Any CPU
		{5E1682CD-68D4-4E95-3F74-33B640848D2C}.Release|Any CPU.Build.0 = Release|Any CPU
		{7010508E-1F40-011F-4F7B-4618689E5273}.Debug|Any CPU.ActiveCfg = Debug|Any CPU
		{7010508E-1F40-011F-4F7B-4618689E5273}.Debug|Any CPU.Build.0 = Debug|Any CPU
		{7010508E-1F40-011F-4F7B-4618689E5273}.Release|Any CPU.ActiveCfg = Release|Any CPU
		{7010508E-1F40-011F-4F7B-4618689E5273}.Release|Any CPU.Build.0 = Release|Any CPU
		{68F3A62E-59B0-7D56-C330-D6A3429A175B}.Debug|Any CPU.ActiveCfg = Debug|Any CPU
		{68F3A62E-59B0-7D56-C330-D6A3429A175B}.Debug|Any CPU.Build.0 = Debug|Any CPU
		{68F3A62E-59B0-7D56-C330-D6A3429A175B}.Release|Any CPU.ActiveCfg = Release|Any CPU
		{68F3A62E-59B0-7D56-C330-D6A3429A175B}.Release|Any CPU.Build.0 = Release|Any CPU
		{E03D1925-28C8-F247-979F-E6E02B68850F}.Debug|Any CPU.ActiveCfg = Debug|Any CPU
		{E03D1925-28C8-F247-979F-E6E02B68850F}.Debug|Any CPU.Build.0 = Debug|Any CPU
		{E03D1925-28C8-F247-979F-E6E02B68850F}.Release|Any CPU.ActiveCfg = Release|Any CPU
		{E03D1925-28C8-F247-979F-E6E02B68850F}.Release|Any CPU.Build.0 = Release|Any CPU
		{E9502B28-6150-DF98-AAC2-8120BA6BB769}.Debug|Any CPU.ActiveCfg = Debug|Any CPU
		{E9502B28-6150-DF98-AAC2-8120BA6BB769}.Debug|Any CPU.Build.0 = Debug|Any CPU
		{E9502B28-6150-DF98-AAC2-8120BA6BB769}.Release|Any CPU.ActiveCfg = Release|Any CPU
		{E9502B28-6150-DF98-AAC2-8120BA6BB769}.Release|Any CPU.Build.0 = Release|Any CPU
		{6E58F59D-3691-AF3D-8825-FD5ED1A4A8A8}.Debug|Any CPU.ActiveCfg = Debug|Any CPU
		{6E58F59D-3691-AF3D-8825-FD5ED1A4A8A8}.Debug|Any CPU.Build.0 = Debug|Any CPU
		{6E58F59D-3691-AF3D-8825-FD5ED1A4A8A8}.Release|Any CPU.ActiveCfg = Release|Any CPU
		{6E58F59D-3691-AF3D-8825-FD5ED1A4A8A8}.Release|Any CPU.Build.0 = Release|Any CPU
		{AAF7ECDF-5607-7EE9-97FB-407CDB42A7FC}.Debug|Any CPU.ActiveCfg = Debug|Any CPU
		{AAF7ECDF-5607-7EE9-97FB-407CDB42A7FC}.Debug|Any CPU.Build.0 = Debug|Any CPU
		{AAF7ECDF-5607-7EE9-97FB-407CDB42A7FC}.Release|Any CPU.ActiveCfg = Release|Any CPU
		{AAF7ECDF-5607-7EE9-97FB-407CDB42A7FC}.Release|Any CPU.Build.0 = Release|Any CPU
		{D4D69547-01F6-61C7-DA81-AD197925A3FE}.Debug|Any CPU.ActiveCfg = Debug|Any CPU
		{D4D69547-01F6-61C7-DA81-AD197925A3FE}.Debug|Any CPU.Build.0 = Debug|Any CPU
		{D4D69547-01F6-61C7-DA81-AD197925A3FE}.Release|Any CPU.ActiveCfg = Release|Any CPU
		{D4D69547-01F6-61C7-DA81-AD197925A3FE}.Release|Any CPU.Build.0 = Release|Any CPU
		{4ABACE7B-086E-CA57-048B-C991E6B51DBD}.Debug|Any CPU.ActiveCfg = Debug|Any CPU
		{4ABACE7B-086E-CA57-048B-C991E6B51DBD}.Debug|Any CPU.Build.0 = Debug|Any CPU
		{4ABACE7B-086E-CA57-048B-C991E6B51DBD}.Release|Any CPU.ActiveCfg = Release|Any CPU
		{4ABACE7B-086E-CA57-048B-C991E6B51DBD}.Release|Any CPU.Build.0 = Release|Any CPU
		{22843C7A-9612-9EF5-2097-2731F123C050}.Debug|Any CPU.ActiveCfg = Debug|Any CPU
		{22843C7A-9612-9EF5-2097-2731F123C050}.Debug|Any CPU.Build.0 = Debug|Any CPU
		{22843C7A-9612-9EF5-2097-2731F123C050}.Release|Any CPU.ActiveCfg = Release|Any CPU
		{22843C7A-9612-9EF5-2097-2731F123C050}.Release|Any CPU.Build.0 = Release|Any CPU
		{CD855EA9-77A0-76B6-14F3-1E5FC614236B}.Debug|Any CPU.ActiveCfg = Debug|Any CPU
		{CD855EA9-77A0-76B6-14F3-1E5FC614236B}.Debug|Any CPU.Build.0 = Debug|Any CPU
		{CD855EA9-77A0-76B6-14F3-1E5FC614236B}.Release|Any CPU.ActiveCfg = Release|Any CPU
		{CD855EA9-77A0-76B6-14F3-1E5FC614236B}.Release|Any CPU.Build.0 = Release|Any CPU
		{DF08E26F-F727-6D7D-E4B0-D6FC1EA1A713}.Debug|Any CPU.ActiveCfg = Debug|Any CPU
		{DF08E26F-F727-6D7D-E4B0-D6FC1EA1A713}.Debug|Any CPU.Build.0 = Debug|Any CPU
		{DF08E26F-F727-6D7D-E4B0-D6FC1EA1A713}.Release|Any CPU.ActiveCfg = Release|Any CPU
		{DF08E26F-F727-6D7D-E4B0-D6FC1EA1A713}.Release|Any CPU.Build.0 = Release|Any CPU
		{CBC15CD3-CC51-AB50-8F08-BD1B27310FB7}.Debug|Any CPU.ActiveCfg = Debug|Any CPU
		{CBC15CD3-CC51-AB50-8F08-BD1B27310FB7}.Debug|Any CPU.Build.0 = Debug|Any CPU
		{CBC15CD3-CC51-AB50-8F08-BD1B27310FB7}.Release|Any CPU.ActiveCfg = Release|Any CPU
		{CBC15CD3-CC51-AB50-8F08-BD1B27310FB7}.Release|Any CPU.Build.0 = Release|Any CPU
		{FB34AF41-8B82-480E-437C-53CB37EBA176}.Debug|Any CPU.ActiveCfg = Debug|Any CPU
		{FB34AF41-8B82-480E-437C-53CB37EBA176}.Debug|Any CPU.Build.0 = Debug|Any CPU
		{FB34AF41-8B82-480E-437C-53CB37EBA176}.Release|Any CPU.ActiveCfg = Release|Any CPU
		{FB34AF41-8B82-480E-437C-53CB37EBA176}.Release|Any CPU.Build.0 = Release|Any CPU
		{62463F78-FDC2-5E2B-999E-4876CA06E4DA}.Debug|Any CPU.ActiveCfg = Debug|Any CPU
		{62463F78-FDC2-5E2B-999E-4876CA06E4DA}.Debug|Any CPU.Build.0 = Debug|Any CPU
		{62463F78-FDC2-5E2B-999E-4876CA06E4DA}.Release|Any CPU.ActiveCfg = Release|Any CPU
		{62463F78-FDC2-5E2B-999E-4876CA06E4DA}.Release|Any CPU.Build.0 = Release|Any CPU
		{8DF71E06-4999-2059-A08E-CBC6597A715B}.Debug|Any CPU.ActiveCfg = Debug|Any CPU
		{8DF71E06-4999-2059-A08E-CBC6597A715B}.Debug|Any CPU.Build.0 = Debug|Any CPU
		{8DF71E06-4999-2059-A08E-CBC6597A715B}.Release|Any CPU.ActiveCfg = Release|Any CPU
		{8DF71E06-4999-2059-A08E-CBC6597A715B}.Release|Any CPU.Build.0 = Release|Any CPU
		{39A15A9E-0A64-70EA-9A45-74069C464461}.Debug|Any CPU.ActiveCfg = Debug|Any CPU
		{39A15A9E-0A64-70EA-9A45-74069C464461}.Debug|Any CPU.Build.0 = Debug|Any CPU
		{39A15A9E-0A64-70EA-9A45-74069C464461}.Release|Any CPU.ActiveCfg = Release|Any CPU
		{39A15A9E-0A64-70EA-9A45-74069C464461}.Release|Any CPU.Build.0 = Release|Any CPU
		{9C745FDE-6C6E-824C-1977-8439F2036164}.Debug|Any CPU.ActiveCfg = Debug|Any CPU
		{9C745FDE-6C6E-824C-1977-8439F2036164}.Debug|Any CPU.Build.0 = Debug|Any CPU
		{9C745FDE-6C6E-824C-1977-8439F2036164}.Release|Any CPU.ActiveCfg = Release|Any CPU
		{9C745FDE-6C6E-824C-1977-8439F2036164}.Release|Any CPU.Build.0 = Release|Any CPU
		{B79707D7-1A2E-0531-6743-9628E28FEDF7}.Debug|Any CPU.ActiveCfg = Debug|Any CPU
		{B79707D7-1A2E-0531-6743-9628E28FEDF7}.Debug|Any CPU.Build.0 = Debug|Any CPU
		{B79707D7-1A2E-0531-6743-9628E28FEDF7}.Release|Any CPU.ActiveCfg = Release|Any CPU
		{B79707D7-1A2E-0531-6743-9628E28FEDF7}.Release|Any CPU.Build.0 = Release|Any CPU
		{D46A65ED-87AD-D2D3-0493-4CF8807E7B5A}.Debug|Any CPU.ActiveCfg = Debug|Any CPU
		{D46A65ED-87AD-D2D3-0493-4CF8807E7B5A}.Debug|Any CPU.Build.0 = Debug|Any CPU
		{D46A65ED-87AD-D2D3-0493-4CF8807E7B5A}.Release|Any CPU.ActiveCfg = Release|Any CPU
		{D46A65ED-87AD-D2D3-0493-4CF8807E7B5A}.Release|Any CPU.Build.0 = Release|Any CPU
		{4E70F8D1-9717-C9AD-16E8-24AA7B6BC6DC}.Debug|Any CPU.ActiveCfg = Debug|Any CPU
		{4E70F8D1-9717-C9AD-16E8-24AA7B6BC6DC}.Debug|Any CPU.Build.0 = Debug|Any CPU
		{4E70F8D1-9717-C9AD-16E8-24AA7B6BC6DC}.Release|Any CPU.ActiveCfg = Release|Any CPU
		{4E70F8D1-9717-C9AD-16E8-24AA7B6BC6DC}.Release|Any CPU.Build.0 = Release|Any CPU
		{A596F7B0-2871-6131-1BE4-9491D7674188}.Debug|Any CPU.ActiveCfg = Debug|Any CPU
		{A596F7B0-2871-6131-1BE4-9491D7674188}.Debug|Any CPU.Build.0 = Debug|Any CPU
		{A596F7B0-2871-6131-1BE4-9491D7674188}.Release|Any CPU.ActiveCfg = Release|Any CPU
		{A596F7B0-2871-6131-1BE4-9491D7674188}.Release|Any CPU.Build.0 = Release|Any CPU
		{666920EC-C43D-E09D-EFCA-A5DC3421FE31}.Debug|Any CPU.ActiveCfg = Debug|Any CPU
		{666920EC-C43D-E09D-EFCA-A5DC3421FE31}.Debug|Any CPU.Build.0 = Debug|Any CPU
		{666920EC-C43D-E09D-EFCA-A5DC3421FE31}.Release|Any CPU.ActiveCfg = Release|Any CPU
		{666920EC-C43D-E09D-EFCA-A5DC3421FE31}.Release|Any CPU.Build.0 = Release|Any CPU
		{F1A406B7-8B2A-C6E4-4974-39550A79E2C1}.Debug|Any CPU.ActiveCfg = Debug|Any CPU
		{F1A406B7-8B2A-C6E4-4974-39550A79E2C1}.Debug|Any CPU.Build.0 = Debug|Any CPU
		{F1A406B7-8B2A-C6E4-4974-39550A79E2C1}.Release|Any CPU.ActiveCfg = Release|Any CPU
		{F1A406B7-8B2A-C6E4-4974-39550A79E2C1}.Release|Any CPU.Build.0 = Release|Any CPU
		{284B4C4E-4243-5457-48CD-B1362CC31836}.Debug|Any CPU.ActiveCfg = Debug|Any CPU
		{284B4C4E-4243-5457-48CD-B1362CC31836}.Debug|Any CPU.Build.0 = Debug|Any CPU
		{284B4C4E-4243-5457-48CD-B1362CC31836}.Release|Any CPU.ActiveCfg = Release|Any CPU
		{284B4C4E-4243-5457-48CD-B1362CC31836}.Release|Any CPU.Build.0 = Release|Any CPU
		{5138777F-3F61-0CEE-A99D-3020E5DEE03D}.Debug|Any CPU.ActiveCfg = Debug|Any CPU
		{5138777F-3F61-0CEE-A99D-3020E5DEE03D}.Debug|Any CPU.Build.0 = Debug|Any CPU
		{5138777F-3F61-0CEE-A99D-3020E5DEE03D}.Release|Any CPU.ActiveCfg = Release|Any CPU
		{5138777F-3F61-0CEE-A99D-3020E5DEE03D}.Release|Any CPU.Build.0 = Release|Any CPU
		{343B5EE1-2492-3F9A-35C2-9685D6F307E5}.Debug|Any CPU.ActiveCfg = Debug|Any CPU
		{343B5EE1-2492-3F9A-35C2-9685D6F307E5}.Debug|Any CPU.Build.0 = Debug|Any CPU
		{343B5EE1-2492-3F9A-35C2-9685D6F307E5}.Release|Any CPU.ActiveCfg = Release|Any CPU
		{343B5EE1-2492-3F9A-35C2-9685D6F307E5}.Release|Any CPU.Build.0 = Release|Any CPU
		{E3AF9F2A-9483-2AB5-9F02-503862801DF9}.Debug|Any CPU.ActiveCfg = Debug|Any CPU
		{E3AF9F2A-9483-2AB5-9F02-503862801DF9}.Debug|Any CPU.Build.0 = Debug|Any CPU
		{E3AF9F2A-9483-2AB5-9F02-503862801DF9}.Release|Any CPU.ActiveCfg = Release|Any CPU
		{E3AF9F2A-9483-2AB5-9F02-503862801DF9}.Release|Any CPU.Build.0 = Release|Any CPU
		{7A99B689-874C-F0EF-2186-CAA54E3CC8BF}.Debug|Any CPU.ActiveCfg = Debug|Any CPU
		{7A99B689-874C-F0EF-2186-CAA54E3CC8BF}.Debug|Any CPU.Build.0 = Debug|Any CPU
		{7A99B689-874C-F0EF-2186-CAA54E3CC8BF}.Release|Any CPU.ActiveCfg = Release|Any CPU
		{7A99B689-874C-F0EF-2186-CAA54E3CC8BF}.Release|Any CPU.Build.0 = Release|Any CPU
		{C24A0FF5-38BC-8BBE-2936-701B41734392}.Debug|Any CPU.ActiveCfg = Debug|Any CPU
		{C24A0FF5-38BC-8BBE-2936-701B41734392}.Debug|Any CPU.Build.0 = Debug|Any CPU
		{C24A0FF5-38BC-8BBE-2936-701B41734392}.Release|Any CPU.ActiveCfg = Release|Any CPU
		{C24A0FF5-38BC-8BBE-2936-701B41734392}.Release|Any CPU.Build.0 = Release|Any CPU
		{D6452AE6-2B5D-50E6-4137-B159F5083FA5}.Debug|Any CPU.ActiveCfg = Debug|Any CPU
		{D6452AE6-2B5D-50E6-4137-B159F5083FA5}.Debug|Any CPU.Build.0 = Debug|Any CPU
		{D6452AE6-2B5D-50E6-4137-B159F5083FA5}.Release|Any CPU.ActiveCfg = Release|Any CPU
		{D6452AE6-2B5D-50E6-4137-B159F5083FA5}.Release|Any CPU.Build.0 = Release|Any CPU
		{8584219C-258F-E4EA-D5CB-381D4785E31D}.Debug|Any CPU.ActiveCfg = Debug|Any CPU
		{8584219C-258F-E4EA-D5CB-381D4785E31D}.Debug|Any CPU.Build.0 = Debug|Any CPU
		{8584219C-258F-E4EA-D5CB-381D4785E31D}.Release|Any CPU.ActiveCfg = Release|Any CPU
		{8584219C-258F-E4EA-D5CB-381D4785E31D}.Release|Any CPU.Build.0 = Release|Any CPU
		{28B0F973-3BCC-36D4-BBD4-100F25A692AF}.Debug|Any CPU.ActiveCfg = Debug|Any CPU
		{28B0F973-3BCC-36D4-BBD4-100F25A692AF}.Debug|Any CPU.Build.0 = Debug|Any CPU
		{28B0F973-3BCC-36D4-BBD4-100F25A692AF}.Release|Any CPU.ActiveCfg = Release|Any CPU
		{28B0F973-3BCC-36D4-BBD4-100F25A692AF}.Release|Any CPU.Build.0 = Release|Any CPU
		{F8CE5301-D81A-73A2-356E-CDE4B3737FCA}.Debug|Any CPU.ActiveCfg = Debug|Any CPU
		{F8CE5301-D81A-73A2-356E-CDE4B3737FCA}.Debug|Any CPU.Build.0 = Debug|Any CPU
		{F8CE5301-D81A-73A2-356E-CDE4B3737FCA}.Release|Any CPU.ActiveCfg = Release|Any CPU
		{F8CE5301-D81A-73A2-356E-CDE4B3737FCA}.Release|Any CPU.Build.0 = Release|Any CPU
		{D1057EA1-86B2-3649-F991-E86FBF6EE5AD}.Debug|Any CPU.ActiveCfg = Debug|Any CPU
		{D1057EA1-86B2-3649-F991-E86FBF6EE5AD}.Debug|Any CPU.Build.0 = Debug|Any CPU
		{D1057EA1-86B2-3649-F991-E86FBF6EE5AD}.Release|Any CPU.ActiveCfg = Release|Any CPU
		{D1057EA1-86B2-3649-F991-E86FBF6EE5AD}.Release|Any CPU.Build.0 = Release|Any CPU
		{5D727D8C-4472-AD91-06A2-0FD588EBA6D9}.Debug|Any CPU.ActiveCfg = Debug|Any CPU
		{5D727D8C-4472-AD91-06A2-0FD588EBA6D9}.Debug|Any CPU.Build.0 = Debug|Any CPU
		{5D727D8C-4472-AD91-06A2-0FD588EBA6D9}.Release|Any CPU.ActiveCfg = Release|Any CPU
		{5D727D8C-4472-AD91-06A2-0FD588EBA6D9}.Release|Any CPU.Build.0 = Release|Any CPU
		{A7C64848-557D-7E00-6960-F66E35578326}.Debug|Any CPU.ActiveCfg = Debug|Any CPU
		{A7C64848-557D-7E00-6960-F66E35578326}.Debug|Any CPU.Build.0 = Debug|Any CPU
		{A7C64848-557D-7E00-6960-F66E35578326}.Release|Any CPU.ActiveCfg = Release|Any CPU
		{A7C64848-557D-7E00-6960-F66E35578326}.Release|Any CPU.Build.0 = Release|Any CPU
		{FF89523F-EE17-D72F-02AC-740828979C02}.Debug|Any CPU.ActiveCfg = Debug|Any CPU
		{FF89523F-EE17-D72F-02AC-740828979C02}.Debug|Any CPU.Build.0 = Debug|Any CPU
		{FF89523F-EE17-D72F-02AC-740828979C02}.Release|Any CPU.ActiveCfg = Release|Any CPU
		{FF89523F-EE17-D72F-02AC-740828979C02}.Release|Any CPU.Build.0 = Release|Any CPU
		{571479DF-5701-AB5A-B562-6A85D8AF2E1C}.Debug|Any CPU.ActiveCfg = Debug|Any CPU
		{571479DF-5701-AB5A-B562-6A85D8AF2E1C}.Debug|Any CPU.Build.0 = Debug|Any CPU
		{571479DF-5701-AB5A-B562-6A85D8AF2E1C}.Release|Any CPU.ActiveCfg = Release|Any CPU
		{571479DF-5701-AB5A-B562-6A85D8AF2E1C}.Release|Any CPU.Build.0 = Release|Any CPU
		{6232B707-6E87-C5CE-F5EF-2587CED96B7A}.Debug|Any CPU.ActiveCfg = Debug|Any CPU
		{6232B707-6E87-C5CE-F5EF-2587CED96B7A}.Debug|Any CPU.Build.0 = Debug|Any CPU
		{6232B707-6E87-C5CE-F5EF-2587CED96B7A}.Release|Any CPU.ActiveCfg = Release|Any CPU
		{6232B707-6E87-C5CE-F5EF-2587CED96B7A}.Release|Any CPU.Build.0 = Release|Any CPU
		{568FF1BE-B646-63F8-E8A5-EB20F9E3B374}.Debug|Any CPU.ActiveCfg = Debug|Any CPU
		{568FF1BE-B646-63F8-E8A5-EB20F9E3B374}.Debug|Any CPU.Build.0 = Debug|Any CPU
		{568FF1BE-B646-63F8-E8A5-EB20F9E3B374}.Release|Any CPU.ActiveCfg = Release|Any CPU
		{568FF1BE-B646-63F8-E8A5-EB20F9E3B374}.Release|Any CPU.Build.0 = Release|Any CPU
		{63ED972C-1CA9-1202-C2F0-80EDB6902B97}.Debug|Any CPU.ActiveCfg = Debug|Any CPU
		{63ED972C-1CA9-1202-C2F0-80EDB6902B97}.Debug|Any CPU.Build.0 = Debug|Any CPU
		{63ED972C-1CA9-1202-C2F0-80EDB6902B97}.Release|Any CPU.ActiveCfg = Release|Any CPU
		{63ED972C-1CA9-1202-C2F0-80EDB6902B97}.Release|Any CPU.Build.0 = Release|Any CPU
		{DECB8CF8-7379-1F44-1F74-3039C43F4159}.Debug|Any CPU.ActiveCfg = Debug|Any CPU
		{DECB8CF8-7379-1F44-1F74-3039C43F4159}.Debug|Any CPU.Build.0 = Debug|Any CPU
		{DECB8CF8-7379-1F44-1F74-3039C43F4159}.Release|Any CPU.ActiveCfg = Release|Any CPU
		{DECB8CF8-7379-1F44-1F74-3039C43F4159}.Release|Any CPU.Build.0 = Release|Any CPU
		{7AC40920-85BF-9524-80F2-40163E4DD49A}.Debug|Any CPU.ActiveCfg = Debug|Any CPU
		{7AC40920-85BF-9524-80F2-40163E4DD49A}.Debug|Any CPU.Build.0 = Debug|Any CPU
		{7AC40920-85BF-9524-80F2-40163E4DD49A}.Release|Any CPU.ActiveCfg = Release|Any CPU
		{7AC40920-85BF-9524-80F2-40163E4DD49A}.Release|Any CPU.Build.0 = Release|Any CPU
		{7FD03802-799B-F8F7-CC2D-A26D4352E0BC}.Debug|Any CPU.ActiveCfg = Debug|Any CPU
		{7FD03802-799B-F8F7-CC2D-A26D4352E0BC}.Debug|Any CPU.Build.0 = Debug|Any CPU
		{7FD03802-799B-F8F7-CC2D-A26D4352E0BC}.Release|Any CPU.ActiveCfg = Release|Any CPU
		{7FD03802-799B-F8F7-CC2D-A26D4352E0BC}.Release|Any CPU.Build.0 = Release|Any CPU
		{38D0E501-B200-4C4B-3770-76DD30714F6E}.Debug|Any CPU.ActiveCfg = Debug|Any CPU
		{38D0E501-B200-4C4B-3770-76DD30714F6E}.Debug|Any CPU.Build.0 = Debug|Any CPU
		{38D0E501-B200-4C4B-3770-76DD30714F6E}.Release|Any CPU.ActiveCfg = Release|Any CPU
		{38D0E501-B200-4C4B-3770-76DD30714F6E}.Release|Any CPU.Build.0 = Release|Any CPU
		{6F4F4C72-A497-DB9E-C6B7-490B9DA4CB01}.Debug|Any CPU.ActiveCfg = Debug|Any CPU
		{6F4F4C72-A497-DB9E-C6B7-490B9DA4CB01}.Debug|Any CPU.Build.0 = Debug|Any CPU
		{6F4F4C72-A497-DB9E-C6B7-490B9DA4CB01}.Release|Any CPU.ActiveCfg = Release|Any CPU
		{6F4F4C72-A497-DB9E-C6B7-490B9DA4CB01}.Release|Any CPU.Build.0 = Release|Any CPU
		{E23B509C-56E1-5CC8-E24F-A1201EE0D2C3}.Debug|Any CPU.ActiveCfg = Debug|Any CPU
		{E23B509C-56E1-5CC8-E24F-A1201EE0D2C3}.Debug|Any CPU.Build.0 = Debug|Any CPU
		{E23B509C-56E1-5CC8-E24F-A1201EE0D2C3}.Release|Any CPU.ActiveCfg = Release|Any CPU
		{E23B509C-56E1-5CC8-E24F-A1201EE0D2C3}.Release|Any CPU.Build.0 = Release|Any CPU
		{934FD185-29B5-68F0-CA89-AC7FCDF4F923}.Debug|Any CPU.ActiveCfg = Debug|Any CPU
		{934FD185-29B5-68F0-CA89-AC7FCDF4F923}.Debug|Any CPU.Build.0 = Debug|Any CPU
		{934FD185-29B5-68F0-CA89-AC7FCDF4F923}.Release|Any CPU.ActiveCfg = Release|Any CPU
		{934FD185-29B5-68F0-CA89-AC7FCDF4F923}.Release|Any CPU.Build.0 = Release|Any CPU
		{614E8C2C-A888-46B0-758A-CF2A34CB552B}.Debug|Any CPU.ActiveCfg = Debug|Any CPU
		{614E8C2C-A888-46B0-758A-CF2A34CB552B}.Debug|Any CPU.Build.0 = Debug|Any CPU
		{614E8C2C-A888-46B0-758A-CF2A34CB552B}.Release|Any CPU.ActiveCfg = Release|Any CPU
		{614E8C2C-A888-46B0-758A-CF2A34CB552B}.Release|Any CPU.Build.0 = Release|Any CPU
		{2913BBE6-30A7-5AA7-3DC6-4AEB2411E12F}.Debug|Any CPU.ActiveCfg = Debug|Any CPU
		{2913BBE6-30A7-5AA7-3DC6-4AEB2411E12F}.Debug|Any CPU.Build.0 = Debug|Any CPU
		{2913BBE6-30A7-5AA7-3DC6-4AEB2411E12F}.Release|Any CPU.ActiveCfg = Release|Any CPU
		{2913BBE6-30A7-5AA7-3DC6-4AEB2411E12F}.Release|Any CPU.Build.0 = Release|Any CPU
		{31DACEFB-68DC-FCC3-3EED-900E7CD86201}.Debug|Any CPU.ActiveCfg = Debug|Any CPU
		{31DACEFB-68DC-FCC3-3EED-900E7CD86201}.Debug|Any CPU.Build.0 = Debug|Any CPU
		{31DACEFB-68DC-FCC3-3EED-900E7CD86201}.Release|Any CPU.ActiveCfg = Release|Any CPU
		{31DACEFB-68DC-FCC3-3EED-900E7CD86201}.Release|Any CPU.Build.0 = Release|Any CPU
		{8359872B-9CC0-C81D-E5B4-370E05F138B9}.Debug|Any CPU.ActiveCfg = Debug|Any CPU
		{8359872B-9CC0-C81D-E5B4-370E05F138B9}.Debug|Any CPU.Build.0 = Debug|Any CPU
		{8359872B-9CC0-C81D-E5B4-370E05F138B9}.Release|Any CPU.ActiveCfg = Release|Any CPU
		{8359872B-9CC0-C81D-E5B4-370E05F138B9}.Release|Any CPU.Build.0 = Release|Any CPU
		{EB37350C-144F-5327-3B23-01128A1AC483}.Debug|Any CPU.ActiveCfg = Debug|Any CPU
		{EB37350C-144F-5327-3B23-01128A1AC483}.Debug|Any CPU.Build.0 = Debug|Any CPU
		{EB37350C-144F-5327-3B23-01128A1AC483}.Release|Any CPU.ActiveCfg = Release|Any CPU
		{EB37350C-144F-5327-3B23-01128A1AC483}.Release|Any CPU.Build.0 = Release|Any CPU
		{32AE660F-D592-8A61-6418-E21704EC5FE9}.Debug|Any CPU.ActiveCfg = Debug|Any CPU
		{32AE660F-D592-8A61-6418-E21704EC5FE9}.Debug|Any CPU.Build.0 = Debug|Any CPU
		{32AE660F-D592-8A61-6418-E21704EC5FE9}.Release|Any CPU.ActiveCfg = Release|Any CPU
		{32AE660F-D592-8A61-6418-E21704EC5FE9}.Release|Any CPU.Build.0 = Release|Any CPU
		{7C343480-6076-F13A-9EB4-22F56E4AD656}.Debug|Any CPU.ActiveCfg = Debug|Any CPU
		{7C343480-6076-F13A-9EB4-22F56E4AD656}.Debug|Any CPU.Build.0 = Debug|Any CPU
		{7C343480-6076-F13A-9EB4-22F56E4AD656}.Release|Any CPU.ActiveCfg = Release|Any CPU
		{7C343480-6076-F13A-9EB4-22F56E4AD656}.Release|Any CPU.Build.0 = Release|Any CPU
		{6920E43E-CAAE-9947-1F6B-2FEC343A66DD}.Debug|Any CPU.ActiveCfg = Debug|Any CPU
		{6920E43E-CAAE-9947-1F6B-2FEC343A66DD}.Debug|Any CPU.Build.0 = Debug|Any CPU
		{6920E43E-CAAE-9947-1F6B-2FEC343A66DD}.Release|Any CPU.ActiveCfg = Release|Any CPU
		{6920E43E-CAAE-9947-1F6B-2FEC343A66DD}.Release|Any CPU.Build.0 = Release|Any CPU
		{13ECC669-48C8-FADC-DDD3-2F08822723A7}.Debug|Any CPU.ActiveCfg = Debug|Any CPU
		{13ECC669-48C8-FADC-DDD3-2F08822723A7}.Debug|Any CPU.Build.0 = Debug|Any CPU
		{13ECC669-48C8-FADC-DDD3-2F08822723A7}.Release|Any CPU.ActiveCfg = Release|Any CPU
		{13ECC669-48C8-FADC-DDD3-2F08822723A7}.Release|Any CPU.Build.0 = Release|Any CPU
		{B5D21639-5C09-BC86-8712-7A95F09F5F34}.Debug|Any CPU.ActiveCfg = Debug|Any CPU
		{B5D21639-5C09-BC86-8712-7A95F09F5F34}.Debug|Any CPU.Build.0 = Debug|Any CPU
		{B5D21639-5C09-BC86-8712-7A95F09F5F34}.Release|Any CPU.ActiveCfg = Release|Any CPU
		{B5D21639-5C09-BC86-8712-7A95F09F5F34}.Release|Any CPU.Build.0 = Release|Any CPU
		{8FAAF626-AC18-AB91-0C76-0F169846A208}.Debug|Any CPU.ActiveCfg = Debug|Any CPU
		{8FAAF626-AC18-AB91-0C76-0F169846A208}.Debug|Any CPU.Build.0 = Debug|Any CPU
		{8FAAF626-AC18-AB91-0C76-0F169846A208}.Release|Any CPU.ActiveCfg = Release|Any CPU
		{8FAAF626-AC18-AB91-0C76-0F169846A208}.Release|Any CPU.Build.0 = Release|Any CPU
		{7E988DBE-CD31-E85B-D559-0F4F85480775}.Debug|Any CPU.ActiveCfg = Debug|Any CPU
		{7E988DBE-CD31-E85B-D559-0F4F85480775}.Debug|Any CPU.Build.0 = Debug|Any CPU
		{7E988DBE-CD31-E85B-D559-0F4F85480775}.Release|Any CPU.ActiveCfg = Release|Any CPU
		{7E988DBE-CD31-E85B-D559-0F4F85480775}.Release|Any CPU.Build.0 = Release|Any CPU
		{B053C63D-33C5-DCDE-F0B0-9167C4359C0D}.Debug|Any CPU.ActiveCfg = Debug|Any CPU
		{B053C63D-33C5-DCDE-F0B0-9167C4359C0D}.Debug|Any CPU.Build.0 = Debug|Any CPU
		{B053C63D-33C5-DCDE-F0B0-9167C4359C0D}.Release|Any CPU.ActiveCfg = Release|Any CPU
		{B053C63D-33C5-DCDE-F0B0-9167C4359C0D}.Release|Any CPU.Build.0 = Release|Any CPU
		{310DCDFD-EFFC-40C5-C43A-E8D3A5359BD7}.Debug|Any CPU.ActiveCfg = Debug|Any CPU
		{310DCDFD-EFFC-40C5-C43A-E8D3A5359BD7}.Debug|Any CPU.Build.0 = Debug|Any CPU
		{310DCDFD-EFFC-40C5-C43A-E8D3A5359BD7}.Release|Any CPU.ActiveCfg = Release|Any CPU
		{310DCDFD-EFFC-40C5-C43A-E8D3A5359BD7}.Release|Any CPU.Build.0 = Release|Any CPU
		{3F10B307-1C58-0487-638D-264C03BAB9ED}.Debug|Any CPU.ActiveCfg = Debug|Any CPU
		{3F10B307-1C58-0487-638D-264C03BAB9ED}.Debug|Any CPU.Build.0 = Debug|Any CPU
		{3F10B307-1C58-0487-638D-264C03BAB9ED}.Release|Any CPU.ActiveCfg = Release|Any CPU
		{3F10B307-1C58-0487-638D-264C03BAB9ED}.Release|Any CPU.Build.0 = Release|Any CPU
		{3EEAE8E5-CA89-AFAF-CF79-96D26690499D}.Debug|Any CPU.ActiveCfg = Debug|Any CPU
		{3EEAE8E5-CA89-AFAF-CF79-96D26690499D}.Debug|Any CPU.Build.0 = Debug|Any CPU
		{3EEAE8E5-CA89-AFAF-CF79-96D26690499D}.Release|Any CPU.ActiveCfg = Release|Any CPU
		{3EEAE8E5-CA89-AFAF-CF79-96D26690499D}.Release|Any CPU.Build.0 = Release|Any CPU
		{EE355F12-E68B-A6AC-E3BF-B46B427113B1}.Debug|Any CPU.ActiveCfg = Debug|Any CPU
		{EE355F12-E68B-A6AC-E3BF-B46B427113B1}.Debug|Any CPU.Build.0 = Debug|Any CPU
		{EE355F12-E68B-A6AC-E3BF-B46B427113B1}.Release|Any CPU.ActiveCfg = Release|Any CPU
		{EE355F12-E68B-A6AC-E3BF-B46B427113B1}.Release|Any CPU.Build.0 = Release|Any CPU
		{51B2A15B-54F0-939A-6CDA-723D3B6F2E19}.Debug|Any CPU.ActiveCfg = Debug|Any CPU
		{51B2A15B-54F0-939A-6CDA-723D3B6F2E19}.Debug|Any CPU.Build.0 = Debug|Any CPU
		{51B2A15B-54F0-939A-6CDA-723D3B6F2E19}.Release|Any CPU.ActiveCfg = Release|Any CPU
		{51B2A15B-54F0-939A-6CDA-723D3B6F2E19}.Release|Any CPU.Build.0 = Release|Any CPU
		{71A58779-624B-7F60-C5ED-9E3F2DF858A1}.Debug|Any CPU.ActiveCfg = Debug|Any CPU
		{71A58779-624B-7F60-C5ED-9E3F2DF858A1}.Debug|Any CPU.Build.0 = Debug|Any CPU
		{71A58779-624B-7F60-C5ED-9E3F2DF858A1}.Release|Any CPU.ActiveCfg = Release|Any CPU
		{71A58779-624B-7F60-C5ED-9E3F2DF858A1}.Release|Any CPU.Build.0 = Release|Any CPU
		{1B426ACE-7743-1659-6A9A-877B86CDC158}.Debug|Any CPU.ActiveCfg = Debug|Any CPU
		{1B426ACE-7743-1659-6A9A-877B86CDC158}.Debug|Any CPU.Build.0 = Debug|Any CPU
		{1B426ACE-7743-1659-6A9A-877B86CDC158}.Release|Any CPU.ActiveCfg = Release|Any CPU
		{1B426ACE-7743-1659-6A9A-877B86CDC158}.Release|Any CPU.Build.0 = Release|Any CPU
		{8878AAB9-E0DE-5F97-492D-47F58C39EC1E}.Debug|Any CPU.ActiveCfg = Debug|Any CPU
		{8878AAB9-E0DE-5F97-492D-47F58C39EC1E}.Debug|Any CPU.Build.0 = Debug|Any CPU
		{8878AAB9-E0DE-5F97-492D-47F58C39EC1E}.Release|Any CPU.ActiveCfg = Release|Any CPU
		{8878AAB9-E0DE-5F97-492D-47F58C39EC1E}.Release|Any CPU.Build.0 = Release|Any CPU
		{FE16985F-31FE-4E8D-8173-EF3E564BAFE3}.Debug|Any CPU.ActiveCfg = Debug|Any CPU
		{FE16985F-31FE-4E8D-8173-EF3E564BAFE3}.Debug|Any CPU.Build.0 = Debug|Any CPU
		{FE16985F-31FE-4E8D-8173-EF3E564BAFE3}.Release|Any CPU.ActiveCfg = Release|Any CPU
		{FE16985F-31FE-4E8D-8173-EF3E564BAFE3}.Release|Any CPU.Build.0 = Release|Any CPU
		{883DF4BA-6626-C790-6E61-0BB115363B9B}.Debug|Any CPU.ActiveCfg = Debug|Any CPU
		{883DF4BA-6626-C790-6E61-0BB115363B9B}.Debug|Any CPU.Build.0 = Debug|Any CPU
		{883DF4BA-6626-C790-6E61-0BB115363B9B}.Release|Any CPU.ActiveCfg = Release|Any CPU
		{883DF4BA-6626-C790-6E61-0BB115363B9B}.Release|Any CPU.Build.0 = Release|Any CPU
		{F8BFA17E-73D7-BA2F-3BF4-5FA0BB64E390}.Debug|Any CPU.ActiveCfg = Debug|Any CPU
		{F8BFA17E-73D7-BA2F-3BF4-5FA0BB64E390}.Debug|Any CPU.Build.0 = Debug|Any CPU
		{F8BFA17E-73D7-BA2F-3BF4-5FA0BB64E390}.Release|Any CPU.ActiveCfg = Release|Any CPU
		{F8BFA17E-73D7-BA2F-3BF4-5FA0BB64E390}.Release|Any CPU.Build.0 = Release|Any CPU
		{F75EEBDB-828D-00DA-BB29-25729D43E5CB}.Debug|Any CPU.ActiveCfg = Debug|Any CPU
		{F75EEBDB-828D-00DA-BB29-25729D43E5CB}.Debug|Any CPU.Build.0 = Debug|Any CPU
		{F75EEBDB-828D-00DA-BB29-25729D43E5CB}.Release|Any CPU.ActiveCfg = Release|Any CPU
		{F75EEBDB-828D-00DA-BB29-25729D43E5CB}.Release|Any CPU.Build.0 = Release|Any CPU
		{CC0BA999-87F9-30D9-1C85-CCAA3CA61544}.Debug|Any CPU.ActiveCfg = Debug|Any CPU
		{CC0BA999-87F9-30D9-1C85-CCAA3CA61544}.Debug|Any CPU.Build.0 = Debug|Any CPU
		{CC0BA999-87F9-30D9-1C85-CCAA3CA61544}.Release|Any CPU.ActiveCfg = Release|Any CPU
		{CC0BA999-87F9-30D9-1C85-CCAA3CA61544}.Release|Any CPU.Build.0 = Release|Any CPU
		{16A2D51A-AD01-0786-FB0A-CCBE8217BCE7}.Debug|Any CPU.ActiveCfg = Debug|Any CPU
		{16A2D51A-AD01-0786-FB0A-CCBE8217BCE7}.Debug|Any CPU.Build.0 = Debug|Any CPU
		{16A2D51A-AD01-0786-FB0A-CCBE8217BCE7}.Release|Any CPU.ActiveCfg = Release|Any CPU
		{16A2D51A-AD01-0786-FB0A-CCBE8217BCE7}.Release|Any CPU.Build.0 = Release|Any CPU
		{A5AA1E04-D1DB-3BBA-0B02-C310611020D5}.Debug|Any CPU.ActiveCfg = Debug|Any CPU
		{A5AA1E04-D1DB-3BBA-0B02-C310611020D5}.Debug|Any CPU.Build.0 = Debug|Any CPU
		{A5AA1E04-D1DB-3BBA-0B02-C310611020D5}.Release|Any CPU.ActiveCfg = Release|Any CPU
		{A5AA1E04-D1DB-3BBA-0B02-C310611020D5}.Release|Any CPU.Build.0 = Release|Any CPU
		{D6254971-CCDD-0248-2EF9-1C2BFD16FAE2}.Debug|Any CPU.ActiveCfg = Debug|Any CPU
		{D6254971-CCDD-0248-2EF9-1C2BFD16FAE2}.Debug|Any CPU.Build.0 = Debug|Any CPU
		{D6254971-CCDD-0248-2EF9-1C2BFD16FAE2}.Release|Any CPU.ActiveCfg = Release|Any CPU
		{D6254971-CCDD-0248-2EF9-1C2BFD16FAE2}.Release|Any CPU.Build.0 = Release|Any CPU
		{1B718B57-B788-7D4E-C7D9-4151926E6506}.Debug|Any CPU.ActiveCfg = Debug|Any CPU
		{1B718B57-B788-7D4E-C7D9-4151926E6506}.Debug|Any CPU.Build.0 = Debug|Any CPU
		{1B718B57-B788-7D4E-C7D9-4151926E6506}.Release|Any CPU.ActiveCfg = Release|Any CPU
		{1B718B57-B788-7D4E-C7D9-4151926E6506}.Release|Any CPU.Build.0 = Release|Any CPU
		{02812091-3B84-639D-F2F1-D407BA914D2A}.Debug|Any CPU.ActiveCfg = Debug|Any CPU
		{02812091-3B84-639D-F2F1-D407BA914D2A}.Debug|Any CPU.Build.0 = Debug|Any CPU
		{02812091-3B84-639D-F2F1-D407BA914D2A}.Release|Any CPU.ActiveCfg = Release|Any CPU
		{02812091-3B84-639D-F2F1-D407BA914D2A}.Release|Any CPU.Build.0 = Release|Any CPU
		{015B19DA-1163-B993-B5C5-10AF5A40337A}.Debug|Any CPU.ActiveCfg = Debug|Any CPU
		{015B19DA-1163-B993-B5C5-10AF5A40337A}.Debug|Any CPU.Build.0 = Debug|Any CPU
		{015B19DA-1163-B993-B5C5-10AF5A40337A}.Release|Any CPU.ActiveCfg = Release|Any CPU
		{015B19DA-1163-B993-B5C5-10AF5A40337A}.Release|Any CPU.Build.0 = Release|Any CPU
		{0E61BE0F-D589-3E86-84E9-47609650E3EB}.Debug|Any CPU.ActiveCfg = Debug|Any CPU
		{0E61BE0F-D589-3E86-84E9-47609650E3EB}.Debug|Any CPU.Build.0 = Debug|Any CPU
		{0E61BE0F-D589-3E86-84E9-47609650E3EB}.Release|Any CPU.ActiveCfg = Release|Any CPU
		{0E61BE0F-D589-3E86-84E9-47609650E3EB}.Release|Any CPU.Build.0 = Release|Any CPU
		{DEFF7F01-4783-4909-2197-43D583796622}.Debug|Any CPU.ActiveCfg = Debug|Any CPU
		{DEFF7F01-4783-4909-2197-43D583796622}.Debug|Any CPU.Build.0 = Debug|Any CPU
		{DEFF7F01-4783-4909-2197-43D583796622}.Release|Any CPU.ActiveCfg = Release|Any CPU
		{DEFF7F01-4783-4909-2197-43D583796622}.Release|Any CPU.Build.0 = Release|Any CPU
		{CACB2B86-E2FA-58D9-55E6-A4277B6565B8}.Debug|Any CPU.ActiveCfg = Debug|Any CPU
		{CACB2B86-E2FA-58D9-55E6-A4277B6565B8}.Debug|Any CPU.Build.0 = Debug|Any CPU
		{CACB2B86-E2FA-58D9-55E6-A4277B6565B8}.Release|Any CPU.ActiveCfg = Release|Any CPU
		{CACB2B86-E2FA-58D9-55E6-A4277B6565B8}.Release|Any CPU.Build.0 = Release|Any CPU
		{71FBA031-38F5-20AA-484D-E4D61B58DD6F}.Debug|Any CPU.ActiveCfg = Debug|Any CPU
		{71FBA031-38F5-20AA-484D-E4D61B58DD6F}.Debug|Any CPU.Build.0 = Debug|Any CPU
		{71FBA031-38F5-20AA-484D-E4D61B58DD6F}.Release|Any CPU.ActiveCfg = Release|Any CPU
		{71FBA031-38F5-20AA-484D-E4D61B58DD6F}.Release|Any CPU.Build.0 = Release|Any CPU
		{3424B554-0B03-A48C-4698-E915E212B5E4}.Debug|Any CPU.ActiveCfg = Debug|Any CPU
		{3424B554-0B03-A48C-4698-E915E212B5E4}.Debug|Any CPU.Build.0 = Debug|Any CPU
		{3424B554-0B03-A48C-4698-E915E212B5E4}.Release|Any CPU.ActiveCfg = Release|Any CPU
		{3424B554-0B03-A48C-4698-E915E212B5E4}.Release|Any CPU.Build.0 = Release|Any CPU
		{3A24CB11-8561-58B5-0109-9070464F0FF5}.Debug|Any CPU.ActiveCfg = Debug|Any CPU
		{3A24CB11-8561-58B5-0109-9070464F0FF5}.Debug|Any CPU.Build.0 = Debug|Any CPU
		{3A24CB11-8561-58B5-0109-9070464F0FF5}.Release|Any CPU.ActiveCfg = Release|Any CPU
		{3A24CB11-8561-58B5-0109-9070464F0FF5}.Release|Any CPU.Build.0 = Release|Any CPU
		{CB7D0BD8-CCE6-E0AD-DB39-BA57F54B9A15}.Debug|Any CPU.ActiveCfg = Debug|Any CPU
		{CB7D0BD8-CCE6-E0AD-DB39-BA57F54B9A15}.Debug|Any CPU.Build.0 = Debug|Any CPU
		{CB7D0BD8-CCE6-E0AD-DB39-BA57F54B9A15}.Release|Any CPU.ActiveCfg = Release|Any CPU
		{CB7D0BD8-CCE6-E0AD-DB39-BA57F54B9A15}.Release|Any CPU.Build.0 = Release|Any CPU
		{2E173FC3-2085-0723-862B-F028A6CC0337}.Debug|Any CPU.ActiveCfg = Debug|Any CPU
		{2E173FC3-2085-0723-862B-F028A6CC0337}.Debug|Any CPU.Build.0 = Debug|Any CPU
		{2E173FC3-2085-0723-862B-F028A6CC0337}.Release|Any CPU.ActiveCfg = Release|Any CPU
		{2E173FC3-2085-0723-862B-F028A6CC0337}.Release|Any CPU.Build.0 = Release|Any CPU
		{059DD8CC-70BA-40C3-4BD4-B653E8B27841}.Debug|Any CPU.ActiveCfg = Debug|Any CPU
		{059DD8CC-70BA-40C3-4BD4-B653E8B27841}.Debug|Any CPU.Build.0 = Debug|Any CPU
		{059DD8CC-70BA-40C3-4BD4-B653E8B27841}.Release|Any CPU.ActiveCfg = Release|Any CPU
		{059DD8CC-70BA-40C3-4BD4-B653E8B27841}.Release|Any CPU.Build.0 = Release|Any CPU
		{516E2208-2C96-D0CF-C6DE-345BAAB3990B}.Debug|Any CPU.ActiveCfg = Debug|Any CPU
		{516E2208-2C96-D0CF-C6DE-345BAAB3990B}.Debug|Any CPU.Build.0 = Debug|Any CPU
		{516E2208-2C96-D0CF-C6DE-345BAAB3990B}.Release|Any CPU.ActiveCfg = Release|Any CPU
		{516E2208-2C96-D0CF-C6DE-345BAAB3990B}.Release|Any CPU.Build.0 = Release|Any CPU
		{8FCCD228-3E79-67ED-A34C-4C7A87A040CB}.Debug|Any CPU.ActiveCfg = Debug|Any CPU
		{8FCCD228-3E79-67ED-A34C-4C7A87A040CB}.Debug|Any CPU.Build.0 = Debug|Any CPU
		{8FCCD228-3E79-67ED-A34C-4C7A87A040CB}.Release|Any CPU.ActiveCfg = Release|Any CPU
		{8FCCD228-3E79-67ED-A34C-4C7A87A040CB}.Release|Any CPU.Build.0 = Release|Any CPU
		{31FDD213-6110-6B7C-4FD5-7C13B532F6BD}.Debug|Any CPU.ActiveCfg = Debug|Any CPU
		{31FDD213-6110-6B7C-4FD5-7C13B532F6BD}.Debug|Any CPU.Build.0 = Debug|Any CPU
		{31FDD213-6110-6B7C-4FD5-7C13B532F6BD}.Release|Any CPU.ActiveCfg = Release|Any CPU
		{31FDD213-6110-6B7C-4FD5-7C13B532F6BD}.Release|Any CPU.Build.0 = Release|Any CPU
		{CB89D3E6-DA8D-99DA-EDA1-5030BC6F1798}.Debug|Any CPU.ActiveCfg = Debug|Any CPU
		{CB89D3E6-DA8D-99DA-EDA1-5030BC6F1798}.Debug|Any CPU.Build.0 = Debug|Any CPU
		{CB89D3E6-DA8D-99DA-EDA1-5030BC6F1798}.Release|Any CPU.ActiveCfg = Release|Any CPU
		{CB89D3E6-DA8D-99DA-EDA1-5030BC6F1798}.Release|Any CPU.Build.0 = Release|Any CPU
		{7FA065F1-40D8-280B-C71D-235FD2EA2E45}.Debug|Any CPU.ActiveCfg = Debug|Any CPU
		{7FA065F1-40D8-280B-C71D-235FD2EA2E45}.Debug|Any CPU.Build.0 = Debug|Any CPU
		{7FA065F1-40D8-280B-C71D-235FD2EA2E45}.Release|Any CPU.ActiveCfg = Release|Any CPU
		{7FA065F1-40D8-280B-C71D-235FD2EA2E45}.Release|Any CPU.Build.0 = Release|Any CPU
		{C125C3D5-3833-09A8-3AFD-1A7DD23FA9E5}.Debug|Any CPU.ActiveCfg = Debug|Any CPU
		{C125C3D5-3833-09A8-3AFD-1A7DD23FA9E5}.Debug|Any CPU.Build.0 = Debug|Any CPU
		{C125C3D5-3833-09A8-3AFD-1A7DD23FA9E5}.Release|Any CPU.ActiveCfg = Release|Any CPU
		{C125C3D5-3833-09A8-3AFD-1A7DD23FA9E5}.Release|Any CPU.Build.0 = Release|Any CPU
		{39E1E651-9630-A5F4-AEA4-C674B1ACD5B7}.Debug|Any CPU.ActiveCfg = Debug|Any CPU
		{39E1E651-9630-A5F4-AEA4-C674B1ACD5B7}.Debug|Any CPU.Build.0 = Debug|Any CPU
		{39E1E651-9630-A5F4-AEA4-C674B1ACD5B7}.Release|Any CPU.ActiveCfg = Release|Any CPU
		{39E1E651-9630-A5F4-AEA4-C674B1ACD5B7}.Release|Any CPU.Build.0 = Release|Any CPU
		{EEE61708-D29B-F625-8580-3A07CC644613}.Debug|Any CPU.ActiveCfg = Debug|Any CPU
		{EEE61708-D29B-F625-8580-3A07CC644613}.Debug|Any CPU.Build.0 = Debug|Any CPU
		{EEE61708-D29B-F625-8580-3A07CC644613}.Release|Any CPU.ActiveCfg = Release|Any CPU
		{EEE61708-D29B-F625-8580-3A07CC644613}.Release|Any CPU.Build.0 = Release|Any CPU
		{FD1FDAFC-AC32-5466-4915-F05163B7A5ED}.Debug|Any CPU.ActiveCfg = Debug|Any CPU
		{FD1FDAFC-AC32-5466-4915-F05163B7A5ED}.Debug|Any CPU.Build.0 = Debug|Any CPU
		{FD1FDAFC-AC32-5466-4915-F05163B7A5ED}.Release|Any CPU.ActiveCfg = Release|Any CPU
		{FD1FDAFC-AC32-5466-4915-F05163B7A5ED}.Release|Any CPU.Build.0 = Release|Any CPU
		{A372D8DA-8A04-5FAE-B901-BA30CF4313F6}.Debug|Any CPU.ActiveCfg = Debug|Any CPU
		{A372D8DA-8A04-5FAE-B901-BA30CF4313F6}.Debug|Any CPU.Build.0 = Debug|Any CPU
		{A372D8DA-8A04-5FAE-B901-BA30CF4313F6}.Release|Any CPU.ActiveCfg = Release|Any CPU
		{A372D8DA-8A04-5FAE-B901-BA30CF4313F6}.Release|Any CPU.Build.0 = Release|Any CPU
		{022E61C0-DD4A-15BA-A0E3-CD0B9588ACD6}.Debug|Any CPU.ActiveCfg = Debug|Any CPU
		{022E61C0-DD4A-15BA-A0E3-CD0B9588ACD6}.Debug|Any CPU.Build.0 = Debug|Any CPU
		{022E61C0-DD4A-15BA-A0E3-CD0B9588ACD6}.Release|Any CPU.ActiveCfg = Release|Any CPU
		{022E61C0-DD4A-15BA-A0E3-CD0B9588ACD6}.Release|Any CPU.Build.0 = Release|Any CPU
		{9D1DB37A-4A04-CE3A-6E77-CFE419184020}.Debug|Any CPU.ActiveCfg = Debug|Any CPU
		{9D1DB37A-4A04-CE3A-6E77-CFE419184020}.Debug|Any CPU.Build.0 = Debug|Any CPU
		{9D1DB37A-4A04-CE3A-6E77-CFE419184020}.Release|Any CPU.ActiveCfg = Release|Any CPU
		{9D1DB37A-4A04-CE3A-6E77-CFE419184020}.Release|Any CPU.Build.0 = Release|Any CPU
		{3B2CEF23-6B8B-C603-0E1C-62CA3BF06367}.Debug|Any CPU.ActiveCfg = Debug|Any CPU
		{3B2CEF23-6B8B-C603-0E1C-62CA3BF06367}.Debug|Any CPU.Build.0 = Debug|Any CPU
		{3B2CEF23-6B8B-C603-0E1C-62CA3BF06367}.Release|Any CPU.ActiveCfg = Release|Any CPU
		{3B2CEF23-6B8B-C603-0E1C-62CA3BF06367}.Release|Any CPU.Build.0 = Release|Any CPU
		{6486E0D7-F596-7E01-7ABC-C0DE31B7EECE}.Debug|Any CPU.ActiveCfg = Debug|Any CPU
		{6486E0D7-F596-7E01-7ABC-C0DE31B7EECE}.Debug|Any CPU.Build.0 = Debug|Any CPU
		{6486E0D7-F596-7E01-7ABC-C0DE31B7EECE}.Release|Any CPU.ActiveCfg = Release|Any CPU
		{6486E0D7-F596-7E01-7ABC-C0DE31B7EECE}.Release|Any CPU.Build.0 = Release|Any CPU
		{851A9F27-5656-B117-6999-DA70726B4AB9}.Debug|Any CPU.ActiveCfg = Debug|Any CPU
		{851A9F27-5656-B117-6999-DA70726B4AB9}.Debug|Any CPU.Build.0 = Debug|Any CPU
		{851A9F27-5656-B117-6999-DA70726B4AB9}.Release|Any CPU.ActiveCfg = Release|Any CPU
		{851A9F27-5656-B117-6999-DA70726B4AB9}.Release|Any CPU.Build.0 = Release|Any CPU
		{86E1E9C5-1C18-2FE0-5162-E69F8AC7A757}.Debug|Any CPU.ActiveCfg = Debug|Any CPU
		{86E1E9C5-1C18-2FE0-5162-E69F8AC7A757}.Debug|Any CPU.Build.0 = Debug|Any CPU
		{86E1E9C5-1C18-2FE0-5162-E69F8AC7A757}.Release|Any CPU.ActiveCfg = Release|Any CPU
		{86E1E9C5-1C18-2FE0-5162-E69F8AC7A757}.Release|Any CPU.Build.0 = Release|Any CPU
		{8709F6E4-034C-072D-C220-C0FFF80500C4}.Debug|Any CPU.ActiveCfg = Debug|Any CPU
		{8709F6E4-034C-072D-C220-C0FFF80500C4}.Debug|Any CPU.Build.0 = Debug|Any CPU
		{8709F6E4-034C-072D-C220-C0FFF80500C4}.Release|Any CPU.ActiveCfg = Release|Any CPU
		{8709F6E4-034C-072D-C220-C0FFF80500C4}.Release|Any CPU.Build.0 = Release|Any CPU
		{E96DD060-7FDA-9567-D3A6-798E65588A1E}.Debug|Any CPU.ActiveCfg = Debug|Any CPU
		{E96DD060-7FDA-9567-D3A6-798E65588A1E}.Debug|Any CPU.Build.0 = Debug|Any CPU
		{E96DD060-7FDA-9567-D3A6-798E65588A1E}.Release|Any CPU.ActiveCfg = Release|Any CPU
		{E96DD060-7FDA-9567-D3A6-798E65588A1E}.Release|Any CPU.Build.0 = Release|Any CPU
		{0BE1941F-441D-317E-579B-DEE5BBB85F1D}.Debug|Any CPU.ActiveCfg = Debug|Any CPU
		{0BE1941F-441D-317E-579B-DEE5BBB85F1D}.Debug|Any CPU.Build.0 = Debug|Any CPU
		{0BE1941F-441D-317E-579B-DEE5BBB85F1D}.Release|Any CPU.ActiveCfg = Release|Any CPU
		{0BE1941F-441D-317E-579B-DEE5BBB85F1D}.Release|Any CPU.Build.0 = Release|Any CPU
		{EBF86244-A92D-445D-FF7C-5E47961FE0ED}.Debug|Any CPU.ActiveCfg = Debug|Any CPU
		{EBF86244-A92D-445D-FF7C-5E47961FE0ED}.Debug|Any CPU.Build.0 = Debug|Any CPU
		{EBF86244-A92D-445D-FF7C-5E47961FE0ED}.Release|Any CPU.ActiveCfg = Release|Any CPU
		{EBF86244-A92D-445D-FF7C-5E47961FE0ED}.Release|Any CPU.Build.0 = Release|Any CPU
		{471B9944-71DE-68D2-02BA-ECF46CB51A8D}.Debug|Any CPU.ActiveCfg = Debug|Any CPU
		{471B9944-71DE-68D2-02BA-ECF46CB51A8D}.Debug|Any CPU.Build.0 = Debug|Any CPU
		{471B9944-71DE-68D2-02BA-ECF46CB51A8D}.Release|Any CPU.ActiveCfg = Release|Any CPU
		{471B9944-71DE-68D2-02BA-ECF46CB51A8D}.Release|Any CPU.Build.0 = Release|Any CPU
		{493C9217-C684-C9AF-340C-CD27F7359B07}.Debug|Any CPU.ActiveCfg = Debug|Any CPU
		{493C9217-C684-C9AF-340C-CD27F7359B07}.Debug|Any CPU.Build.0 = Debug|Any CPU
		{493C9217-C684-C9AF-340C-CD27F7359B07}.Release|Any CPU.ActiveCfg = Release|Any CPU
		{493C9217-C684-C9AF-340C-CD27F7359B07}.Release|Any CPU.Build.0 = Release|Any CPU
		{6B4401D8-6746-0463-35B6-CEDCDF685D8D}.Debug|Any CPU.ActiveCfg = Debug|Any CPU
		{6B4401D8-6746-0463-35B6-CEDCDF685D8D}.Debug|Any CPU.Build.0 = Debug|Any CPU
		{6B4401D8-6746-0463-35B6-CEDCDF685D8D}.Release|Any CPU.ActiveCfg = Release|Any CPU
		{6B4401D8-6746-0463-35B6-CEDCDF685D8D}.Release|Any CPU.Build.0 = Release|Any CPU
		{BD230837-0138-56D5-8E9C-0D8D1D1404A0}.Debug|Any CPU.ActiveCfg = Debug|Any CPU
		{BD230837-0138-56D5-8E9C-0D8D1D1404A0}.Debug|Any CPU.Build.0 = Debug|Any CPU
		{BD230837-0138-56D5-8E9C-0D8D1D1404A0}.Release|Any CPU.ActiveCfg = Release|Any CPU
		{BD230837-0138-56D5-8E9C-0D8D1D1404A0}.Release|Any CPU.Build.0 = Release|Any CPU
		{49886336-C4FA-A736-22B8-4755CE7A1FDC}.Debug|Any CPU.ActiveCfg = Debug|Any CPU
		{49886336-C4FA-A736-22B8-4755CE7A1FDC}.Debug|Any CPU.Build.0 = Debug|Any CPU
		{49886336-C4FA-A736-22B8-4755CE7A1FDC}.Release|Any CPU.ActiveCfg = Release|Any CPU
		{49886336-C4FA-A736-22B8-4755CE7A1FDC}.Release|Any CPU.Build.0 = Release|Any CPU
		{648E8405-CC33-F48A-60A9-DD1202DC1D77}.Debug|Any CPU.ActiveCfg = Debug|Any CPU
		{648E8405-CC33-F48A-60A9-DD1202DC1D77}.Debug|Any CPU.Build.0 = Debug|Any CPU
		{648E8405-CC33-F48A-60A9-DD1202DC1D77}.Release|Any CPU.ActiveCfg = Release|Any CPU
		{648E8405-CC33-F48A-60A9-DD1202DC1D77}.Release|Any CPU.Build.0 = Release|Any CPU
		{96DD1168-2E83-48D7-AE45-9914C0B72BF5}.Debug|Any CPU.ActiveCfg = Debug|Any CPU
		{96DD1168-2E83-48D7-AE45-9914C0B72BF5}.Debug|Any CPU.Build.0 = Debug|Any CPU
		{96DD1168-2E83-48D7-AE45-9914C0B72BF5}.Release|Any CPU.ActiveCfg = Release|Any CPU
		{96DD1168-2E83-48D7-AE45-9914C0B72BF5}.Release|Any CPU.Build.0 = Release|Any CPU
		{F5A64DEA-6149-E1A8-D26C-D3B2ACE707F8}.Debug|Any CPU.ActiveCfg = Debug|Any CPU
		{F5A64DEA-6149-E1A8-D26C-D3B2ACE707F8}.Debug|Any CPU.Build.0 = Debug|Any CPU
		{F5A64DEA-6149-E1A8-D26C-D3B2ACE707F8}.Release|Any CPU.ActiveCfg = Release|Any CPU
		{F5A64DEA-6149-E1A8-D26C-D3B2ACE707F8}.Release|Any CPU.Build.0 = Release|Any CPU
		{51BBD53C-8B80-4F45-8450-E33E13A88575}.Debug|Any CPU.ActiveCfg = Debug|Any CPU
		{51BBD53C-8B80-4F45-8450-E33E13A88575}.Debug|Any CPU.Build.0 = Debug|Any CPU
		{51BBD53C-8B80-4F45-8450-E33E13A88575}.Release|Any CPU.ActiveCfg = Release|Any CPU
		{51BBD53C-8B80-4F45-8450-E33E13A88575}.Release|Any CPU.Build.0 = Release|Any CPU
		{2B248FB7-AA8F-2EAC-CA39-177D502F2ECD}.Debug|Any CPU.ActiveCfg = Debug|Any CPU
		{2B248FB7-AA8F-2EAC-CA39-177D502F2ECD}.Debug|Any CPU.Build.0 = Debug|Any CPU
		{2B248FB7-AA8F-2EAC-CA39-177D502F2ECD}.Release|Any CPU.ActiveCfg = Release|Any CPU
		{2B248FB7-AA8F-2EAC-CA39-177D502F2ECD}.Release|Any CPU.Build.0 = Release|Any CPU
		{F3EA0D33-2354-F34C-753A-0A623C75ACF2}.Debug|Any CPU.ActiveCfg = Debug|Any CPU
		{F3EA0D33-2354-F34C-753A-0A623C75ACF2}.Debug|Any CPU.Build.0 = Debug|Any CPU
		{F3EA0D33-2354-F34C-753A-0A623C75ACF2}.Release|Any CPU.ActiveCfg = Release|Any CPU
		{F3EA0D33-2354-F34C-753A-0A623C75ACF2}.Release|Any CPU.Build.0 = Release|Any CPU
		{E04DE364-C0E3-C6C5-23ED-A93D94815F49}.Debug|Any CPU.ActiveCfg = Debug|Any CPU
		{E04DE364-C0E3-C6C5-23ED-A93D94815F49}.Debug|Any CPU.Build.0 = Debug|Any CPU
		{E04DE364-C0E3-C6C5-23ED-A93D94815F49}.Release|Any CPU.ActiveCfg = Release|Any CPU
		{E04DE364-C0E3-C6C5-23ED-A93D94815F49}.Release|Any CPU.Build.0 = Release|Any CPU
		{B173372E-8D39-D6B3-A1F3-B692BE319682}.Debug|Any CPU.ActiveCfg = Debug|Any CPU
		{B173372E-8D39-D6B3-A1F3-B692BE319682}.Debug|Any CPU.Build.0 = Debug|Any CPU
		{B173372E-8D39-D6B3-A1F3-B692BE319682}.Release|Any CPU.ActiveCfg = Release|Any CPU
		{B173372E-8D39-D6B3-A1F3-B692BE319682}.Release|Any CPU.Build.0 = Release|Any CPU
		{CB6F5E3D-5B08-75B0-C35E-0FEE40819462}.Debug|Any CPU.ActiveCfg = Debug|Any CPU
		{CB6F5E3D-5B08-75B0-C35E-0FEE40819462}.Debug|Any CPU.Build.0 = Debug|Any CPU
		{CB6F5E3D-5B08-75B0-C35E-0FEE40819462}.Release|Any CPU.ActiveCfg = Release|Any CPU
		{CB6F5E3D-5B08-75B0-C35E-0FEE40819462}.Release|Any CPU.Build.0 = Release|Any CPU
		{D40AEA04-3F87-AB60-0CE8-48CC0486AED9}.Debug|Any CPU.ActiveCfg = Debug|Any CPU
		{D40AEA04-3F87-AB60-0CE8-48CC0486AED9}.Debug|Any CPU.Build.0 = Debug|Any CPU
		{D40AEA04-3F87-AB60-0CE8-48CC0486AED9}.Release|Any CPU.ActiveCfg = Release|Any CPU
		{D40AEA04-3F87-AB60-0CE8-48CC0486AED9}.Release|Any CPU.Build.0 = Release|Any CPU
		{8274A791-982D-F1E4-C532-C2E33CF65319}.Debug|Any CPU.ActiveCfg = Debug|Any CPU
		{8274A791-982D-F1E4-C532-C2E33CF65319}.Debug|Any CPU.Build.0 = Debug|Any CPU
		{8274A791-982D-F1E4-C532-C2E33CF65319}.Release|Any CPU.ActiveCfg = Release|Any CPU
		{8274A791-982D-F1E4-C532-C2E33CF65319}.Release|Any CPU.Build.0 = Release|Any CPU
		{26E953A8-3D08-1060-C33E-CA4753A7DFDC}.Debug|Any CPU.ActiveCfg = Debug|Any CPU
		{26E953A8-3D08-1060-C33E-CA4753A7DFDC}.Debug|Any CPU.Build.0 = Debug|Any CPU
		{26E953A8-3D08-1060-C33E-CA4753A7DFDC}.Release|Any CPU.ActiveCfg = Release|Any CPU
		{26E953A8-3D08-1060-C33E-CA4753A7DFDC}.Release|Any CPU.Build.0 = Release|Any CPU
		{AA532808-B680-4FAB-E38D-965140EBBE8D}.Debug|Any CPU.ActiveCfg = Debug|Any CPU
		{AA532808-B680-4FAB-E38D-965140EBBE8D}.Debug|Any CPU.Build.0 = Debug|Any CPU
		{AA532808-B680-4FAB-E38D-965140EBBE8D}.Release|Any CPU.ActiveCfg = Release|Any CPU
		{AA532808-B680-4FAB-E38D-965140EBBE8D}.Release|Any CPU.Build.0 = Release|Any CPU
		{3B948D6E-B82D-B1EB-8E87-BC55755406A7}.Debug|Any CPU.ActiveCfg = Debug|Any CPU
		{3B948D6E-B82D-B1EB-8E87-BC55755406A7}.Debug|Any CPU.Build.0 = Debug|Any CPU
		{3B948D6E-B82D-B1EB-8E87-BC55755406A7}.Release|Any CPU.ActiveCfg = Release|Any CPU
		{3B948D6E-B82D-B1EB-8E87-BC55755406A7}.Release|Any CPU.Build.0 = Release|Any CPU
		{1E2C9C38-8615-103E-23F9-C28297A92865}.Debug|Any CPU.ActiveCfg = Debug|Any CPU
		{1E2C9C38-8615-103E-23F9-C28297A92865}.Debug|Any CPU.Build.0 = Debug|Any CPU
		{1E2C9C38-8615-103E-23F9-C28297A92865}.Release|Any CPU.ActiveCfg = Release|Any CPU
		{1E2C9C38-8615-103E-23F9-C28297A92865}.Release|Any CPU.Build.0 = Release|Any CPU
		{061EB930-B1BF-9A86-FDF2-1A4168A9F099}.Debug|Any CPU.ActiveCfg = Debug|Any CPU
		{061EB930-B1BF-9A86-FDF2-1A4168A9F099}.Debug|Any CPU.Build.0 = Debug|Any CPU
		{061EB930-B1BF-9A86-FDF2-1A4168A9F099}.Release|Any CPU.ActiveCfg = Release|Any CPU
		{061EB930-B1BF-9A86-FDF2-1A4168A9F099}.Release|Any CPU.Build.0 = Release|Any CPU
		{E0E59A41-B7F3-1985-CA4D-A2A2ADB95237}.Debug|Any CPU.ActiveCfg = Debug|Any CPU
		{E0E59A41-B7F3-1985-CA4D-A2A2ADB95237}.Debug|Any CPU.Build.0 = Debug|Any CPU
		{E0E59A41-B7F3-1985-CA4D-A2A2ADB95237}.Release|Any CPU.ActiveCfg = Release|Any CPU
		{E0E59A41-B7F3-1985-CA4D-A2A2ADB95237}.Release|Any CPU.Build.0 = Release|Any CPU
		{685F0A66-9363-D7F9-7FDA-C679655EB6C4}.Debug|Any CPU.ActiveCfg = Debug|Any CPU
		{685F0A66-9363-D7F9-7FDA-C679655EB6C4}.Debug|Any CPU.Build.0 = Debug|Any CPU
		{685F0A66-9363-D7F9-7FDA-C679655EB6C4}.Release|Any CPU.ActiveCfg = Release|Any CPU
		{685F0A66-9363-D7F9-7FDA-C679655EB6C4}.Release|Any CPU.Build.0 = Release|Any CPU
		{7CD5054B-ED33-4866-F9F0-5EBDC12AF1E6}.Debug|Any CPU.ActiveCfg = Debug|Any CPU
		{7CD5054B-ED33-4866-F9F0-5EBDC12AF1E6}.Debug|Any CPU.Build.0 = Debug|Any CPU
		{7CD5054B-ED33-4866-F9F0-5EBDC12AF1E6}.Release|Any CPU.ActiveCfg = Release|Any CPU
		{7CD5054B-ED33-4866-F9F0-5EBDC12AF1E6}.Release|Any CPU.Build.0 = Release|Any CPU
	EndGlobalSection
	GlobalSection(SolutionProperties) = preSolution
		HideSolutionNode = FALSE
	EndGlobalSection
EndGlobal
